// !$*UTF8*$!
{
	archiveVersion = 1;
	classes = {
	};
	objectVersion = 55;
	objects = {

/* Begin PBXBuildFile section */
		3C01FCC5287E4A2400BE23E6 /* Recipe.swift in Sources */ = {isa = PBXBuildFile; fileRef = 3C01FCC4287E4A2400BE23E6 /* Recipe.swift */; };
		3C01FCC7287E4A6300BE23E6 /* BaseRecipe.swift in Sources */ = {isa = PBXBuildFile; fileRef = 3C01FCC6287E4A6300BE23E6 /* BaseRecipe.swift */; };
		3C01FCC9287E4AA000BE23E6 /* Skill.swift in Sources */ = {isa = PBXBuildFile; fileRef = 3C01FCC8287E4AA000BE23E6 /* Skill.swift */; };
		3C01FCCB287E4ADA00BE23E6 /* Glass.swift in Sources */ = {isa = PBXBuildFile; fileRef = 3C01FCCA287E4ADA00BE23E6 /* Glass.swift */; };
		3C01FCCD287E4AF800BE23E6 /* Ingredient.swift in Sources */ = {isa = PBXBuildFile; fileRef = 3C01FCCC287E4AF800BE23E6 /* Ingredient.swift */; };
		3C01FCCF287E4B2800BE23E6 /* TastingNote.swift in Sources */ = {isa = PBXBuildFile; fileRef = 3C01FCCE287E4B2800BE23E6 /* TastingNote.swift */; };
		3C01FCD1287E4B8E00BE23E6 /* TastingTag.swift in Sources */ = {isa = PBXBuildFile; fileRef = 3C01FCD0287E4B8E00BE23E6 /* TastingTag.swift */; };
		3C01FCD4287E505A00BE23E6 /* Networking.swift in Sources */ = {isa = PBXBuildFile; fileRef = 3C01FCD3287E505A00BE23E6 /* Networking.swift */; };
		3C01FCD8287E50C500BE23E6 /* RxAlamofire in Frameworks */ = {isa = PBXBuildFile; productRef = 3C01FCD7287E50C500BE23E6 /* RxAlamofire */; };
		3C01FCDA287E526400BE23E6 /* NetworkingService.swift in Sources */ = {isa = PBXBuildFile; fileRef = 3C01FCD9287E526400BE23E6 /* NetworkingService.swift */; };
		3C01FCDD287E53BF00BE23E6 /* NetworkLogger.swift in Sources */ = {isa = PBXBuildFile; fileRef = 3C01FCDC287E53BF00BE23E6 /* NetworkLogger.swift */; };
		3C01FCDF287E588700BE23E6 /* Data+Extensions.swift in Sources */ = {isa = PBXBuildFile; fileRef = 3C01FCDE287E588700BE23E6 /* Data+Extensions.swift */; };
		3C6CBC1C2881D18300294D2A /* NBSegmentedController.swift in Sources */ = {isa = PBXBuildFile; fileRef = 3C6CBC1B2881D18300294D2A /* NBSegmentedController.swift */; };
		3C823002287518C20031C1DA /* Environment.swift in Sources */ = {isa = PBXBuildFile; fileRef = 3C823001287518C20031C1DA /* Environment.swift */; };
		3C82300C28751AF90031C1DA /* UIViewController+Extensions.swift in Sources */ = {isa = PBXBuildFile; fileRef = 3C82300B28751AF90031C1DA /* UIViewController+Extensions.swift */; };
		3CA17C01287890E100E67B27 /* Pretendard-Thin.otf in Resources */ = {isa = PBXBuildFile; fileRef = 3CA17BF8287890E100E67B27 /* Pretendard-Thin.otf */; };
		3CA17C02287890E100E67B27 /* Pretendard-Bold.otf in Resources */ = {isa = PBXBuildFile; fileRef = 3CA17BF9287890E100E67B27 /* Pretendard-Bold.otf */; };
		3CA17C03287890E100E67B27 /* Pretendard-Black.otf in Resources */ = {isa = PBXBuildFile; fileRef = 3CA17BFA287890E100E67B27 /* Pretendard-Black.otf */; };
		3CA17C04287890E100E67B27 /* Pretendard-ExtraLight.otf in Resources */ = {isa = PBXBuildFile; fileRef = 3CA17BFB287890E100E67B27 /* Pretendard-ExtraLight.otf */; };
		3CA17C05287890E100E67B27 /* Pretendard-ExtraBold.otf in Resources */ = {isa = PBXBuildFile; fileRef = 3CA17BFC287890E100E67B27 /* Pretendard-ExtraBold.otf */; };
		3CA17C06287890E100E67B27 /* Pretendard-Light.otf in Resources */ = {isa = PBXBuildFile; fileRef = 3CA17BFD287890E100E67B27 /* Pretendard-Light.otf */; };
		3CA17C07287890E100E67B27 /* Pretendard-SemiBold.otf in Resources */ = {isa = PBXBuildFile; fileRef = 3CA17BFE287890E100E67B27 /* Pretendard-SemiBold.otf */; };
		3CA17C08287890E100E67B27 /* Pretendard-Medium.otf in Resources */ = {isa = PBXBuildFile; fileRef = 3CA17BFF287890E100E67B27 /* Pretendard-Medium.otf */; };
		3CA17C09287890E100E67B27 /* Pretendard-Regular.otf in Resources */ = {isa = PBXBuildFile; fileRef = 3CA17C00287890E100E67B27 /* Pretendard-Regular.otf */; };
		3CA17C0B2878920B00E67B27 /* Font.swift in Sources */ = {isa = PBXBuildFile; fileRef = 3CA17C0A2878920B00E67B27 /* Font.swift */; };
		3CA17C1128789A2200E67B27 /* Color.swift in Sources */ = {isa = PBXBuildFile; fileRef = 3CA17C1028789A2200E67B27 /* Color.swift */; };
		3CA17C1328789BAE00E67B27 /* ImageFactory.swift in Sources */ = {isa = PBXBuildFile; fileRef = 3CA17C1228789BAE00E67B27 /* ImageFactory.swift */; };
		3CA17C18287A71E300E67B27 /* CGFloat+Extensions.swift in Sources */ = {isa = PBXBuildFile; fileRef = 3CA17C17287A71E300E67B27 /* CGFloat+Extensions.swift */; };
		3CD436CF28771B060044AE04 /* Theme.swift in Sources */ = {isa = PBXBuildFile; fileRef = 3CD436CE28771B060044AE04 /* Theme.swift */; };
		3CD436D128772E2A0044AE04 /* APIRouter.swift in Sources */ = {isa = PBXBuildFile; fileRef = 3CD436D028772E2A0044AE04 /* APIRouter.swift */; };
		3CD436D428772EBE0044AE04 /* Alamofire in Frameworks */ = {isa = PBXBuildFile; productRef = 3CD436D328772EBE0044AE04 /* Alamofire */; };
		3CD436D728772EE90044AE04 /* SnapKit in Frameworks */ = {isa = PBXBuildFile; productRef = 3CD436D628772EE90044AE04 /* SnapKit */; };
		3CD436DA28772FE10044AE04 /* FirebaseAnalytics in Frameworks */ = {isa = PBXBuildFile; productRef = 3CD436D928772FE10044AE04 /* FirebaseAnalytics */; };
		3CD436DC28772FE10044AE04 /* FirebaseCrashlytics in Frameworks */ = {isa = PBXBuildFile; productRef = 3CD436DB28772FE10044AE04 /* FirebaseCrashlytics */; };
		3CD436DE28772FE10044AE04 /* FirebaseMessaging in Frameworks */ = {isa = PBXBuildFile; productRef = 3CD436DD28772FE10044AE04 /* FirebaseMessaging */; };
		3CD436E1287730AF0044AE04 /* RxGesture in Frameworks */ = {isa = PBXBuildFile; productRef = 3CD436E0287730AF0044AE04 /* RxGesture */; };
		3CD436E4287730D70044AE04 /* RxCocoa in Frameworks */ = {isa = PBXBuildFile; productRef = 3CD436E3287730D70044AE04 /* RxCocoa */; };
		3CD436E6287730D70044AE04 /* RxRelay in Frameworks */ = {isa = PBXBuildFile; productRef = 3CD436E5287730D70044AE04 /* RxRelay */; };
		3CD436E8287730D70044AE04 /* RxSwift in Frameworks */ = {isa = PBXBuildFile; productRef = 3CD436E7287730D70044AE04 /* RxSwift */; };
		3CD436EB2877312F0044AE04 /* Then in Frameworks */ = {isa = PBXBuildFile; productRef = 3CD436EA2877312F0044AE04 /* Then */; };
		3CD436EE287731530044AE04 /* Lottie in Frameworks */ = {isa = PBXBuildFile; productRef = 3CD436ED287731530044AE04 /* Lottie */; };
		3CD436F12877317C0044AE04 /* Kingfisher in Frameworks */ = {isa = PBXBuildFile; productRef = 3CD436F02877317C0044AE04 /* Kingfisher */; };
		3CD436F7287738DD0044AE04 /* UIStoryboard+Extensions.swift in Sources */ = {isa = PBXBuildFile; fileRef = 3CD436F6287738DD0044AE04 /* UIStoryboard+Extensions.swift */; };
		3CD436F92877390A0044AE04 /* StoryboardRouter.swift in Sources */ = {isa = PBXBuildFile; fileRef = 3CD436F82877390A0044AE04 /* StoryboardRouter.swift */; };
		3CD436FB2877395C0044AE04 /* UICollectionView+Extensions.swift in Sources */ = {isa = PBXBuildFile; fileRef = 3CD436FA2877395C0044AE04 /* UICollectionView+Extensions.swift */; };
		3CD436FE2877D11C0044AE04 /* AppRouter.swift in Sources */ = {isa = PBXBuildFile; fileRef = 3CD436FD2877D11C0044AE04 /* AppRouter.swift */; };
		3CD437002877D3FD0044AE04 /* BaseRouter.swift in Sources */ = {isa = PBXBuildFile; fileRef = 3CD436FF2877D3FD0044AE04 /* BaseRouter.swift */; };
		3CD437022877D4880044AE04 /* NBTabbarController.swift in Sources */ = {isa = PBXBuildFile; fileRef = 3CD437012877D4880044AE04 /* NBTabbarController.swift */; };
		3CD437072877DC6D0044AE04 /* Search.storyboard in Resources */ = {isa = PBXBuildFile; fileRef = 3CD437062877DC6D0044AE04 /* Search.storyboard */; };
		3CD437092877DC760044AE04 /* MyPage.storyboard in Resources */ = {isa = PBXBuildFile; fileRef = 3CD437082877DC760044AE04 /* MyPage.storyboard */; };
		3CD4370D2877DC910044AE04 /* WritingNote.storyboard in Resources */ = {isa = PBXBuildFile; fileRef = 3CD4370C2877DC910044AE04 /* WritingNote.storyboard */; };
		3CD4370F2877E8310044AE04 /* TabbarRouter.swift in Sources */ = {isa = PBXBuildFile; fileRef = 3CD4370E2877E8310044AE04 /* TabbarRouter.swift */; };
		3CD437132877EC530044AE04 /* WritingNoteViewController.swift in Sources */ = {isa = PBXBuildFile; fileRef = 3CD437122877EC530044AE04 /* WritingNoteViewController.swift */; };
		3CD437152877EC780044AE04 /* MyPageViewController.swift in Sources */ = {isa = PBXBuildFile; fileRef = 3CD437142877EC780044AE04 /* MyPageViewController.swift */; };
		3CD437172877EC860044AE04 /* BaseViewController.swift in Sources */ = {isa = PBXBuildFile; fileRef = 3CD437162877EC860044AE04 /* BaseViewController.swift */; };
		3CDE20112875F23E00680B8C /* Identifiable.swift in Sources */ = {isa = PBXBuildFile; fileRef = 3CDE20102875F23E00680B8C /* Identifiable.swift */; };
		3CE5989F28748092004AFD05 /* AppDelegate.swift in Sources */ = {isa = PBXBuildFile; fileRef = 3CE5989E28748092004AFD05 /* AppDelegate.swift */; };
		3CE598A128748092004AFD05 /* SceneDelegate.swift in Sources */ = {isa = PBXBuildFile; fileRef = 3CE598A028748092004AFD05 /* SceneDelegate.swift */; };
		3CE598A328748092004AFD05 /* MainViewController.swift in Sources */ = {isa = PBXBuildFile; fileRef = 3CE598A228748092004AFD05 /* MainViewController.swift */; };
		3CE598A628748092004AFD05 /* Main.storyboard in Resources */ = {isa = PBXBuildFile; fileRef = 3CE598A428748092004AFD05 /* Main.storyboard */; };
		3CE598A828748093004AFD05 /* Assets.xcassets in Resources */ = {isa = PBXBuildFile; fileRef = 3CE598A728748093004AFD05 /* Assets.xcassets */; };
		3CE598AB28748093004AFD05 /* LaunchScreen.storyboard in Resources */ = {isa = PBXBuildFile; fileRef = 3CE598A928748093004AFD05 /* LaunchScreen.storyboard */; };
		3CE598B628748093004AFD05 /* NobarTests.swift in Sources */ = {isa = PBXBuildFile; fileRef = 3CE598B528748093004AFD05 /* NobarTests.swift */; };
		3CE598C028748093004AFD05 /* NobarUITests.swift in Sources */ = {isa = PBXBuildFile; fileRef = 3CE598BF28748093004AFD05 /* NobarUITests.swift */; };
		3CE598C228748093004AFD05 /* NobarUITestsLaunchTests.swift in Sources */ = {isa = PBXBuildFile; fileRef = 3CE598C128748093004AFD05 /* NobarUITestsLaunchTests.swift */; };
		3CF40A79287E42FC00C44A64 /* EndPoint.swift in Sources */ = {isa = PBXBuildFile; fileRef = 3CF40A78287E42FC00C44A64 /* EndPoint.swift */; };
		4D057161287C1AC400CB656A /* SearchResultViewController.swift in Sources */ = {isa = PBXBuildFile; fileRef = 4D057160287C1AC300CB656A /* SearchResultViewController.swift */; };
		4D057163287CF49A00CB656A /* SearchViewController.swift in Sources */ = {isa = PBXBuildFile; fileRef = 4D057162287CF49900CB656A /* SearchViewController.swift */; };
		4D057165287CFF1500CB656A /* Adjusted+Extension.swift in Sources */ = {isa = PBXBuildFile; fileRef = 4D057164287CFF1400CB656A /* Adjusted+Extension.swift */; };
		4D057167287D36BD00CB656A /* SearchHeaderView.swift in Sources */ = {isa = PBXBuildFile; fileRef = 4D057166287D36BD00CB656A /* SearchHeaderView.swift */; };
		4D05716A287D4CDC00CB656A /* RecentCollectionViewCell.swift in Sources */ = {isa = PBXBuildFile; fileRef = 4D057169287D4CDC00CB656A /* RecentCollectionViewCell.swift */; };
		4D05716C287D4D5600CB656A /* RecommendCollectionViewCell.swift in Sources */ = {isa = PBXBuildFile; fileRef = 4D05716B287D4D5600CB656A /* RecommendCollectionViewCell.swift */; };
		4D3554B7287DEA670063F725 /* SearchModel.swift in Sources */ = {isa = PBXBuildFile; fileRef = 4D3554B6287DEA670063F725 /* SearchModel.swift */; };
		4D3554B9287E56280063F725 /* NSObject+Extension.swift in Sources */ = {isa = PBXBuildFile; fileRef = 4D3554B8287E56280063F725 /* NSObject+Extension.swift */; };
		4D3554BB287EAAE60063F725 /* SearchTextField.swift in Sources */ = {isa = PBXBuildFile; fileRef = 4D3554BA287EAAE60063F725 /* SearchTextField.swift */; };
		4D38B5BB28800C8D00CD33ED /* SearchAutoResultCollectionViewCell.swift in Sources */ = {isa = PBXBuildFile; fileRef = 4D38B5BA28800C8D00CD33ED /* SearchAutoResultCollectionViewCell.swift */; };
		6A9486EA28851A32003FB1BD /* TastingTagView.swift in Sources */ = {isa = PBXBuildFile; fileRef = 6A9486E928851A32003FB1BD /* TastingTagView.swift */; };
		6AAD37DC287C71FA0030646C /* UIView+Extension.swift in Sources */ = {isa = PBXBuildFile; fileRef = 6AAD37DB287C71F90030646C /* UIView+Extension.swift */; };
		6AAD37DE287C75240030646C /* UIScreen+Extension.swift in Sources */ = {isa = PBXBuildFile; fileRef = 6AAD37DD287C75240030646C /* UIScreen+Extension.swift */; };
		6AAD37E0287C7A720030646C /* UITextfield+Extension.swift in Sources */ = {isa = PBXBuildFile; fileRef = 6AAD37DF287C7A720030646C /* UITextfield+Extension.swift */; };
		6AAD37E2287C7B250030646C /* UILabel+Extension.swift in Sources */ = {isa = PBXBuildFile; fileRef = 6AAD37E1287C7B250030646C /* UILabel+Extension.swift */; };
		6AAD37E4287C7E9D0030646C /* applyShadow.swift in Sources */ = {isa = PBXBuildFile; fileRef = 6AAD37E3287C7E9D0030646C /* applyShadow.swift */; };
		6AAD37E6287C7EFE0030646C /* calculatePastTime.swift in Sources */ = {isa = PBXBuildFile; fileRef = 6AAD37E5287C7EFE0030646C /* calculatePastTime.swift */; };
		6AAD37EA287C7FBA0030646C /* PanDirectionGesture.swift in Sources */ = {isa = PBXBuildFile; fileRef = 6AAD37E9287C7FB90030646C /* PanDirectionGesture.swift */; };
		6AAD37EC287C807E0030646C /* showToastMessage.swift in Sources */ = {isa = PBXBuildFile; fileRef = 6AAD37EB287C807E0030646C /* showToastMessage.swift */; };
		6AAD37F3287F213C0030646C /* HomeHeaderView.swift in Sources */ = {isa = PBXBuildFile; fileRef = 6AAD37F2287F213B0030646C /* HomeHeaderView.swift */; };
		6AAD37F5287F38290030646C /* CocktailCVC.swift in Sources */ = {isa = PBXBuildFile; fileRef = 6AAD37F4287F38280030646C /* CocktailCVC.swift */; };
		6AAD37F7287F6D7A0030646C /* CocktailModel.swift in Sources */ = {isa = PBXBuildFile; fileRef = 6AAD37F6287F6D790030646C /* CocktailModel.swift */; };
		6AAD37FB287FFA240030646C /* GuideCVC.swift in Sources */ = {isa = PBXBuildFile; fileRef = 6AAD37FA287FFA240030646C /* GuideCVC.swift */; };
		6AAD37FE288005940030646C /* GuideModel.swift in Sources */ = {isa = PBXBuildFile; fileRef = 6AAD37FD288005940030646C /* GuideModel.swift */; };
		6AAD38002880086C0030646C /* RecommendCVC.swift in Sources */ = {isa = PBXBuildFile; fileRef = 6AAD37FF2880086A0030646C /* RecommendCVC.swift */; };
		6AAD380228800A4D0030646C /* RecommendModel.swift in Sources */ = {isa = PBXBuildFile; fileRef = 6AAD380128800A4C0030646C /* RecommendModel.swift */; };
		6AAD3804288012910030646C /* UIColor+Extension.swift in Sources */ = {isa = PBXBuildFile; fileRef = 6AAD3803288012910030646C /* UIColor+Extension.swift */; };
		6AB399682884127500FA7445 /* TastingNoteHeaderView.swift in Sources */ = {isa = PBXBuildFile; fileRef = 6AB399672884127500FA7445 /* TastingNoteHeaderView.swift */; };
		6ABA93E12884A62900084D6D /* ScoreCVC.swift in Sources */ = {isa = PBXBuildFile; fileRef = 6ABA93E02884A62900084D6D /* ScoreCVC.swift */; };
		6AD0F82E28849A0C00260574 /* SelectCocktailCVC.swift in Sources */ = {isa = PBXBuildFile; fileRef = 6AD0F82D28849A0C00260574 /* SelectCocktailCVC.swift */; };
		6AD0F83028849DFE00260574 /* TasteCVC.swift in Sources */ = {isa = PBXBuildFile; fileRef = 6AD0F82F28849DFE00260574 /* TasteCVC.swift */; };
		6AF3806B2885CEA200CB8F3E /* SelectDateCVC.swift in Sources */ = {isa = PBXBuildFile; fileRef = 6AF3806A2885CEA200CB8F3E /* SelectDateCVC.swift */; };
		6AF3806D2885E84A00CB8F3E /* TastingNoteTextView.swift in Sources */ = {isa = PBXBuildFile; fileRef = 6AF3806C2885E84A00CB8F3E /* TastingNoteTextView.swift */; };
/* End PBXBuildFile section */

/* Begin PBXContainerItemProxy section */
		3CE598B228748093004AFD05 /* PBXContainerItemProxy */ = {
			isa = PBXContainerItemProxy;
			containerPortal = 3CE5989328748092004AFD05 /* Project object */;
			proxyType = 1;
			remoteGlobalIDString = 3CE5989A28748092004AFD05;
			remoteInfo = Nobar;
		};
		3CE598BC28748093004AFD05 /* PBXContainerItemProxy */ = {
			isa = PBXContainerItemProxy;
			containerPortal = 3CE5989328748092004AFD05 /* Project object */;
			proxyType = 1;
			remoteGlobalIDString = 3CE5989A28748092004AFD05;
			remoteInfo = Nobar;
		};
/* End PBXContainerItemProxy section */

/* Begin PBXFileReference section */
		3C01FCC4287E4A2400BE23E6 /* Recipe.swift */ = {isa = PBXFileReference; lastKnownFileType = sourcecode.swift; path = Recipe.swift; sourceTree = "<group>"; };
		3C01FCC6287E4A6300BE23E6 /* BaseRecipe.swift */ = {isa = PBXFileReference; lastKnownFileType = sourcecode.swift; path = BaseRecipe.swift; sourceTree = "<group>"; };
		3C01FCC8287E4AA000BE23E6 /* Skill.swift */ = {isa = PBXFileReference; lastKnownFileType = sourcecode.swift; path = Skill.swift; sourceTree = "<group>"; };
		3C01FCCA287E4ADA00BE23E6 /* Glass.swift */ = {isa = PBXFileReference; lastKnownFileType = sourcecode.swift; path = Glass.swift; sourceTree = "<group>"; };
		3C01FCCC287E4AF800BE23E6 /* Ingredient.swift */ = {isa = PBXFileReference; lastKnownFileType = sourcecode.swift; path = Ingredient.swift; sourceTree = "<group>"; };
		3C01FCCE287E4B2800BE23E6 /* TastingNote.swift */ = {isa = PBXFileReference; lastKnownFileType = sourcecode.swift; path = TastingNote.swift; sourceTree = "<group>"; };
		3C01FCD0287E4B8E00BE23E6 /* TastingTag.swift */ = {isa = PBXFileReference; lastKnownFileType = sourcecode.swift; path = TastingTag.swift; sourceTree = "<group>"; };
		3C01FCD3287E505A00BE23E6 /* Networking.swift */ = {isa = PBXFileReference; lastKnownFileType = sourcecode.swift; path = Networking.swift; sourceTree = "<group>"; };
		3C01FCD9287E526400BE23E6 /* NetworkingService.swift */ = {isa = PBXFileReference; lastKnownFileType = sourcecode.swift; path = NetworkingService.swift; sourceTree = "<group>"; };
		3C01FCDC287E53BF00BE23E6 /* NetworkLogger.swift */ = {isa = PBXFileReference; lastKnownFileType = sourcecode.swift; path = NetworkLogger.swift; sourceTree = "<group>"; };
		3C01FCDE287E588700BE23E6 /* Data+Extensions.swift */ = {isa = PBXFileReference; lastKnownFileType = sourcecode.swift; path = "Data+Extensions.swift"; sourceTree = "<group>"; };
		3C6CBC1B2881D18300294D2A /* NBSegmentedController.swift */ = {isa = PBXFileReference; lastKnownFileType = sourcecode.swift; path = NBSegmentedController.swift; sourceTree = "<group>"; };
		3C823001287518C20031C1DA /* Environment.swift */ = {isa = PBXFileReference; lastKnownFileType = sourcecode.swift; path = Environment.swift; sourceTree = "<group>"; };
		3C82300B28751AF90031C1DA /* UIViewController+Extensions.swift */ = {isa = PBXFileReference; lastKnownFileType = sourcecode.swift; path = "UIViewController+Extensions.swift"; sourceTree = "<group>"; };
		3CA17BF8287890E100E67B27 /* Pretendard-Thin.otf */ = {isa = PBXFileReference; lastKnownFileType = file; path = "Pretendard-Thin.otf"; sourceTree = "<group>"; };
		3CA17BF9287890E100E67B27 /* Pretendard-Bold.otf */ = {isa = PBXFileReference; lastKnownFileType = file; path = "Pretendard-Bold.otf"; sourceTree = "<group>"; };
		3CA17BFA287890E100E67B27 /* Pretendard-Black.otf */ = {isa = PBXFileReference; lastKnownFileType = file; path = "Pretendard-Black.otf"; sourceTree = "<group>"; };
		3CA17BFB287890E100E67B27 /* Pretendard-ExtraLight.otf */ = {isa = PBXFileReference; lastKnownFileType = file; path = "Pretendard-ExtraLight.otf"; sourceTree = "<group>"; };
		3CA17BFC287890E100E67B27 /* Pretendard-ExtraBold.otf */ = {isa = PBXFileReference; lastKnownFileType = file; path = "Pretendard-ExtraBold.otf"; sourceTree = "<group>"; };
		3CA17BFD287890E100E67B27 /* Pretendard-Light.otf */ = {isa = PBXFileReference; lastKnownFileType = file; path = "Pretendard-Light.otf"; sourceTree = "<group>"; };
		3CA17BFE287890E100E67B27 /* Pretendard-SemiBold.otf */ = {isa = PBXFileReference; lastKnownFileType = file; path = "Pretendard-SemiBold.otf"; sourceTree = "<group>"; };
		3CA17BFF287890E100E67B27 /* Pretendard-Medium.otf */ = {isa = PBXFileReference; lastKnownFileType = file; path = "Pretendard-Medium.otf"; sourceTree = "<group>"; };
		3CA17C00287890E100E67B27 /* Pretendard-Regular.otf */ = {isa = PBXFileReference; lastKnownFileType = file; path = "Pretendard-Regular.otf"; sourceTree = "<group>"; };
		3CA17C0A2878920B00E67B27 /* Font.swift */ = {isa = PBXFileReference; lastKnownFileType = sourcecode.swift; path = Font.swift; sourceTree = "<group>"; };
		3CA17C1028789A2200E67B27 /* Color.swift */ = {isa = PBXFileReference; lastKnownFileType = sourcecode.swift; path = Color.swift; sourceTree = "<group>"; };
		3CA17C1228789BAE00E67B27 /* ImageFactory.swift */ = {isa = PBXFileReference; lastKnownFileType = sourcecode.swift; path = ImageFactory.swift; sourceTree = "<group>"; };
		3CA17C17287A71E300E67B27 /* CGFloat+Extensions.swift */ = {isa = PBXFileReference; lastKnownFileType = sourcecode.swift; path = "CGFloat+Extensions.swift"; sourceTree = "<group>"; };
		3CD436CE28771B060044AE04 /* Theme.swift */ = {isa = PBXFileReference; lastKnownFileType = sourcecode.swift; path = Theme.swift; sourceTree = "<group>"; };
		3CD436D028772E2A0044AE04 /* APIRouter.swift */ = {isa = PBXFileReference; lastKnownFileType = sourcecode.swift; path = APIRouter.swift; sourceTree = "<group>"; };
		3CD436F6287738DD0044AE04 /* UIStoryboard+Extensions.swift */ = {isa = PBXFileReference; lastKnownFileType = sourcecode.swift; path = "UIStoryboard+Extensions.swift"; sourceTree = "<group>"; };
		3CD436F82877390A0044AE04 /* StoryboardRouter.swift */ = {isa = PBXFileReference; lastKnownFileType = sourcecode.swift; path = StoryboardRouter.swift; sourceTree = "<group>"; };
		3CD436FA2877395C0044AE04 /* UICollectionView+Extensions.swift */ = {isa = PBXFileReference; lastKnownFileType = sourcecode.swift; path = "UICollectionView+Extensions.swift"; sourceTree = "<group>"; };
		3CD436FD2877D11C0044AE04 /* AppRouter.swift */ = {isa = PBXFileReference; lastKnownFileType = sourcecode.swift; path = AppRouter.swift; sourceTree = "<group>"; };
		3CD436FF2877D3FD0044AE04 /* BaseRouter.swift */ = {isa = PBXFileReference; lastKnownFileType = sourcecode.swift; path = BaseRouter.swift; sourceTree = "<group>"; };
		3CD437012877D4880044AE04 /* NBTabbarController.swift */ = {isa = PBXFileReference; lastKnownFileType = sourcecode.swift; path = NBTabbarController.swift; sourceTree = "<group>"; };
		3CD437062877DC6D0044AE04 /* Search.storyboard */ = {isa = PBXFileReference; lastKnownFileType = file.storyboard; path = Search.storyboard; sourceTree = "<group>"; };
		3CD437082877DC760044AE04 /* MyPage.storyboard */ = {isa = PBXFileReference; lastKnownFileType = file.storyboard; path = MyPage.storyboard; sourceTree = "<group>"; };
		3CD4370C2877DC910044AE04 /* WritingNote.storyboard */ = {isa = PBXFileReference; lastKnownFileType = file.storyboard; path = WritingNote.storyboard; sourceTree = "<group>"; };
		3CD4370E2877E8310044AE04 /* TabbarRouter.swift */ = {isa = PBXFileReference; lastKnownFileType = sourcecode.swift; path = TabbarRouter.swift; sourceTree = "<group>"; };
		3CD437122877EC530044AE04 /* WritingNoteViewController.swift */ = {isa = PBXFileReference; lastKnownFileType = sourcecode.swift; path = WritingNoteViewController.swift; sourceTree = "<group>"; };
		3CD437142877EC780044AE04 /* MyPageViewController.swift */ = {isa = PBXFileReference; lastKnownFileType = sourcecode.swift; path = MyPageViewController.swift; sourceTree = "<group>"; };
		3CD437162877EC860044AE04 /* BaseViewController.swift */ = {isa = PBXFileReference; lastKnownFileType = sourcecode.swift; path = BaseViewController.swift; sourceTree = "<group>"; };
		3CDE20102875F23E00680B8C /* Identifiable.swift */ = {isa = PBXFileReference; lastKnownFileType = sourcecode.swift; path = Identifiable.swift; sourceTree = "<group>"; };
		3CE5989B28748092004AFD05 /* Nobar.app */ = {isa = PBXFileReference; explicitFileType = wrapper.application; includeInIndex = 0; path = Nobar.app; sourceTree = BUILT_PRODUCTS_DIR; };
		3CE5989E28748092004AFD05 /* AppDelegate.swift */ = {isa = PBXFileReference; lastKnownFileType = sourcecode.swift; path = AppDelegate.swift; sourceTree = "<group>"; };
		3CE598A028748092004AFD05 /* SceneDelegate.swift */ = {isa = PBXFileReference; lastKnownFileType = sourcecode.swift; path = SceneDelegate.swift; sourceTree = "<group>"; };
		3CE598A228748092004AFD05 /* MainViewController.swift */ = {isa = PBXFileReference; lastKnownFileType = sourcecode.swift; path = MainViewController.swift; sourceTree = "<group>"; };
		3CE598A528748092004AFD05 /* Base */ = {isa = PBXFileReference; lastKnownFileType = file.storyboard; name = Base; path = Base.lproj/Main.storyboard; sourceTree = "<group>"; };
		3CE598A728748093004AFD05 /* Assets.xcassets */ = {isa = PBXFileReference; lastKnownFileType = folder.assetcatalog; path = Assets.xcassets; sourceTree = "<group>"; };
		3CE598AA28748093004AFD05 /* Base */ = {isa = PBXFileReference; lastKnownFileType = file.storyboard; name = Base; path = Base.lproj/LaunchScreen.storyboard; sourceTree = "<group>"; };
		3CE598AC28748093004AFD05 /* Info.plist */ = {isa = PBXFileReference; lastKnownFileType = text.plist.xml; path = Info.plist; sourceTree = "<group>"; };
		3CE598B128748093004AFD05 /* NobarTests.xctest */ = {isa = PBXFileReference; explicitFileType = wrapper.cfbundle; includeInIndex = 0; path = NobarTests.xctest; sourceTree = BUILT_PRODUCTS_DIR; };
		3CE598B528748093004AFD05 /* NobarTests.swift */ = {isa = PBXFileReference; lastKnownFileType = sourcecode.swift; path = NobarTests.swift; sourceTree = "<group>"; };
		3CE598BB28748093004AFD05 /* NobarUITests.xctest */ = {isa = PBXFileReference; explicitFileType = wrapper.cfbundle; includeInIndex = 0; path = NobarUITests.xctest; sourceTree = BUILT_PRODUCTS_DIR; };
		3CE598BF28748093004AFD05 /* NobarUITests.swift */ = {isa = PBXFileReference; lastKnownFileType = sourcecode.swift; path = NobarUITests.swift; sourceTree = "<group>"; };
		3CE598C128748093004AFD05 /* NobarUITestsLaunchTests.swift */ = {isa = PBXFileReference; lastKnownFileType = sourcecode.swift; path = NobarUITestsLaunchTests.swift; sourceTree = "<group>"; };
		3CF40A78287E42FC00C44A64 /* EndPoint.swift */ = {isa = PBXFileReference; lastKnownFileType = sourcecode.swift; path = EndPoint.swift; sourceTree = "<group>"; };
		4D057160287C1AC300CB656A /* SearchResultViewController.swift */ = {isa = PBXFileReference; lastKnownFileType = sourcecode.swift; path = SearchResultViewController.swift; sourceTree = "<group>"; };
		4D057162287CF49900CB656A /* SearchViewController.swift */ = {isa = PBXFileReference; lastKnownFileType = sourcecode.swift; path = SearchViewController.swift; sourceTree = "<group>"; };
		4D057164287CFF1400CB656A /* Adjusted+Extension.swift */ = {isa = PBXFileReference; lastKnownFileType = sourcecode.swift; path = "Adjusted+Extension.swift"; sourceTree = "<group>"; };
		4D057166287D36BD00CB656A /* SearchHeaderView.swift */ = {isa = PBXFileReference; lastKnownFileType = sourcecode.swift; path = SearchHeaderView.swift; sourceTree = "<group>"; };
		4D057169287D4CDC00CB656A /* RecentCollectionViewCell.swift */ = {isa = PBXFileReference; lastKnownFileType = sourcecode.swift; path = RecentCollectionViewCell.swift; sourceTree = "<group>"; };
		4D05716B287D4D5600CB656A /* RecommendCollectionViewCell.swift */ = {isa = PBXFileReference; lastKnownFileType = sourcecode.swift; path = RecommendCollectionViewCell.swift; sourceTree = "<group>"; };
		4D3554B6287DEA670063F725 /* SearchModel.swift */ = {isa = PBXFileReference; lastKnownFileType = sourcecode.swift; path = SearchModel.swift; sourceTree = "<group>"; };
		4D3554B8287E56280063F725 /* NSObject+Extension.swift */ = {isa = PBXFileReference; lastKnownFileType = sourcecode.swift; path = "NSObject+Extension.swift"; sourceTree = "<group>"; };
		4D3554BA287EAAE60063F725 /* SearchTextField.swift */ = {isa = PBXFileReference; lastKnownFileType = sourcecode.swift; path = SearchTextField.swift; sourceTree = "<group>"; };
		4D38B5BA28800C8D00CD33ED /* SearchAutoResultCollectionViewCell.swift */ = {isa = PBXFileReference; lastKnownFileType = sourcecode.swift; path = SearchAutoResultCollectionViewCell.swift; sourceTree = "<group>"; };
		6A9486E928851A32003FB1BD /* TastingTagView.swift */ = {isa = PBXFileReference; lastKnownFileType = sourcecode.swift; path = TastingTagView.swift; sourceTree = "<group>"; };
		6AAD37DB287C71F90030646C /* UIView+Extension.swift */ = {isa = PBXFileReference; lastKnownFileType = sourcecode.swift; path = "UIView+Extension.swift"; sourceTree = "<group>"; };
		6AAD37DD287C75240030646C /* UIScreen+Extension.swift */ = {isa = PBXFileReference; lastKnownFileType = sourcecode.swift; path = "UIScreen+Extension.swift"; sourceTree = "<group>"; };
		6AAD37DF287C7A720030646C /* UITextfield+Extension.swift */ = {isa = PBXFileReference; lastKnownFileType = sourcecode.swift; path = "UITextfield+Extension.swift"; sourceTree = "<group>"; };
		6AAD37E1287C7B250030646C /* UILabel+Extension.swift */ = {isa = PBXFileReference; lastKnownFileType = sourcecode.swift; path = "UILabel+Extension.swift"; sourceTree = "<group>"; };
		6AAD37E3287C7E9D0030646C /* applyShadow.swift */ = {isa = PBXFileReference; lastKnownFileType = sourcecode.swift; path = applyShadow.swift; sourceTree = "<group>"; };
		6AAD37E5287C7EFE0030646C /* calculatePastTime.swift */ = {isa = PBXFileReference; lastKnownFileType = sourcecode.swift; path = calculatePastTime.swift; sourceTree = "<group>"; };
		6AAD37E9287C7FB90030646C /* PanDirectionGesture.swift */ = {isa = PBXFileReference; lastKnownFileType = sourcecode.swift; path = PanDirectionGesture.swift; sourceTree = "<group>"; };
		6AAD37EB287C807E0030646C /* showToastMessage.swift */ = {isa = PBXFileReference; lastKnownFileType = sourcecode.swift; path = showToastMessage.swift; sourceTree = "<group>"; };
		6AAD37F2287F213B0030646C /* HomeHeaderView.swift */ = {isa = PBXFileReference; lastKnownFileType = sourcecode.swift; path = HomeHeaderView.swift; sourceTree = "<group>"; };
		6AAD37F4287F38280030646C /* CocktailCVC.swift */ = {isa = PBXFileReference; lastKnownFileType = sourcecode.swift; path = CocktailCVC.swift; sourceTree = "<group>"; };
		6AAD37F6287F6D790030646C /* CocktailModel.swift */ = {isa = PBXFileReference; lastKnownFileType = sourcecode.swift; path = CocktailModel.swift; sourceTree = "<group>"; };
		6AAD37FA287FFA240030646C /* GuideCVC.swift */ = {isa = PBXFileReference; lastKnownFileType = sourcecode.swift; path = GuideCVC.swift; sourceTree = "<group>"; };
		6AAD37FD288005940030646C /* GuideModel.swift */ = {isa = PBXFileReference; lastKnownFileType = sourcecode.swift; path = GuideModel.swift; sourceTree = "<group>"; };
		6AAD37FF2880086A0030646C /* RecommendCVC.swift */ = {isa = PBXFileReference; lastKnownFileType = sourcecode.swift; path = RecommendCVC.swift; sourceTree = "<group>"; };
		6AAD380128800A4C0030646C /* RecommendModel.swift */ = {isa = PBXFileReference; lastKnownFileType = sourcecode.swift; path = RecommendModel.swift; sourceTree = "<group>"; };
		6AAD3803288012910030646C /* UIColor+Extension.swift */ = {isa = PBXFileReference; lastKnownFileType = sourcecode.swift; path = "UIColor+Extension.swift"; sourceTree = "<group>"; };
		6AB399672884127500FA7445 /* TastingNoteHeaderView.swift */ = {isa = PBXFileReference; lastKnownFileType = sourcecode.swift; path = TastingNoteHeaderView.swift; sourceTree = "<group>"; };
		6ABA93E02884A62900084D6D /* ScoreCVC.swift */ = {isa = PBXFileReference; lastKnownFileType = sourcecode.swift; path = ScoreCVC.swift; sourceTree = "<group>"; };
		6AD0F82D28849A0C00260574 /* SelectCocktailCVC.swift */ = {isa = PBXFileReference; lastKnownFileType = sourcecode.swift; path = SelectCocktailCVC.swift; sourceTree = "<group>"; };
		6AD0F82F28849DFE00260574 /* TasteCVC.swift */ = {isa = PBXFileReference; lastKnownFileType = sourcecode.swift; path = TasteCVC.swift; sourceTree = "<group>"; };
		6AF3806A2885CEA200CB8F3E /* SelectDateCVC.swift */ = {isa = PBXFileReference; lastKnownFileType = sourcecode.swift; path = SelectDateCVC.swift; sourceTree = "<group>"; };
		6AF3806C2885E84A00CB8F3E /* TastingNoteTextView.swift */ = {isa = PBXFileReference; lastKnownFileType = sourcecode.swift; path = TastingNoteTextView.swift; sourceTree = "<group>"; };
/* End PBXFileReference section */

/* Begin PBXFrameworksBuildPhase section */
		3CE5989828748092004AFD05 /* Frameworks */ = {
			isa = PBXFrameworksBuildPhase;
			buildActionMask = 2147483647;
			files = (
				3CD436F12877317C0044AE04 /* Kingfisher in Frameworks */,
				3CD436E8287730D70044AE04 /* RxSwift in Frameworks */,
				3CD436D428772EBE0044AE04 /* Alamofire in Frameworks */,
				3CD436DC28772FE10044AE04 /* FirebaseCrashlytics in Frameworks */,
				3CD436DE28772FE10044AE04 /* FirebaseMessaging in Frameworks */,
				3C01FCD8287E50C500BE23E6 /* RxAlamofire in Frameworks */,
				3CD436E4287730D70044AE04 /* RxCocoa in Frameworks */,
				3CD436EB2877312F0044AE04 /* Then in Frameworks */,
				3CD436EE287731530044AE04 /* Lottie in Frameworks */,
				3CD436D728772EE90044AE04 /* SnapKit in Frameworks */,
				3CD436E1287730AF0044AE04 /* RxGesture in Frameworks */,
				3CD436E6287730D70044AE04 /* RxRelay in Frameworks */,
				3CD436DA28772FE10044AE04 /* FirebaseAnalytics in Frameworks */,
			);
			runOnlyForDeploymentPostprocessing = 0;
		};
		3CE598AE28748093004AFD05 /* Frameworks */ = {
			isa = PBXFrameworksBuildPhase;
			buildActionMask = 2147483647;
			files = (
			);
			runOnlyForDeploymentPostprocessing = 0;
		};
		3CE598B828748093004AFD05 /* Frameworks */ = {
			isa = PBXFrameworksBuildPhase;
			buildActionMask = 2147483647;
			files = (
			);
			runOnlyForDeploymentPostprocessing = 0;
		};
/* End PBXFrameworksBuildPhase section */

/* Begin PBXGroup section */
		3C01FCD2287E505200BE23E6 /* Protocols */ = {
			isa = PBXGroup;
			children = (
				3C01FCD3287E505A00BE23E6 /* Networking.swift */,
			);
			path = Protocols;
			sourceTree = "<group>";
		};
		3C01FCD5287E507300BE23E6 /* NetworkingService */ = {
			isa = PBXGroup;
			children = (
				3C01FCD9287E526400BE23E6 /* NetworkingService.swift */,
			);
			path = NetworkingService;
			sourceTree = "<group>";
		};
		3C01FCDB287E53AF00BE23E6 /* Logger */ = {
			isa = PBXGroup;
			children = (
				3C01FCDC287E53BF00BE23E6 /* NetworkLogger.swift */,
			);
			path = Logger;
			sourceTree = "<group>";
		};
		3C822FFA2875171C0031C1DA /* App */ = {
			isa = PBXGroup;
			children = (
				3C823000287518A60031C1DA /* Configuration */,
				3C823003287519250031C1DA /* RootDelegates */,
			);
			path = App;
			sourceTree = "<group>";
		};
		3C822FFB287517440031C1DA /* Resources */ = {
			isa = PBXGroup;
			children = (
				3CA17C14287A6B4600E67B27 /* Utils */,
				3CA17BF72878909600E67B27 /* Font */,
				3CE598A728748093004AFD05 /* Assets.xcassets */,
				3CE598A928748093004AFD05 /* LaunchScreen.storyboard */,
				3C822FFE287517830031C1DA /* plists */,
			);
			path = Resources;
			sourceTree = "<group>";
		};
		3C822FFC287517710031C1DA /* GlobalExtensions */ = {
			isa = PBXGroup;
			children = (
				3C82300B28751AF90031C1DA /* UIViewController+Extensions.swift */,
				3CD436F6287738DD0044AE04 /* UIStoryboard+Extensions.swift */,
				3CD436FA2877395C0044AE04 /* UICollectionView+Extensions.swift */,
				3CA17C17287A71E300E67B27 /* CGFloat+Extensions.swift */,
				6AAD37DB287C71F90030646C /* UIView+Extension.swift */,
				6AAD37DD287C75240030646C /* UIScreen+Extension.swift */,
				6AAD37DF287C7A720030646C /* UITextfield+Extension.swift */,
				6AAD37E1287C7B250030646C /* UILabel+Extension.swift */,
				4D057164287CFF1400CB656A /* Adjusted+Extension.swift */,
				4D3554B8287E56280063F725 /* NSObject+Extension.swift */,
				3C01FCDE287E588700BE23E6 /* Data+Extensions.swift */,
				6AAD3803288012910030646C /* UIColor+Extension.swift */,
			);
			path = GlobalExtensions;
			sourceTree = "<group>";
		};
		3C822FFD2875177F0031C1DA /* Scenes */ = {
			isa = PBXGroup;
			children = (
				3CD436FC28773DE50044AE04 /* Common */,
				3C822FFF287517940031C1DA /* Main */,
				3CD437032877DC390044AE04 /* Search */,
				3CD437042877DC4A0044AE04 /* WritingNote */,
				3CD437052877DC510044AE04 /* MyPage */,
			);
			path = Scenes;
			sourceTree = "<group>";
		};
		3C822FFE287517830031C1DA /* plists */ = {
			isa = PBXGroup;
			children = (
				3CE598AC28748093004AFD05 /* Info.plist */,
			);
			path = plists;
			sourceTree = "<group>";
		};
		3C822FFF287517940031C1DA /* Main */ = {
			isa = PBXGroup;
			children = (
				6AAD37FC288005590030646C /* Model */,
				6AAD37F1287F21170030646C /* Component */,
				3CE598A428748092004AFD05 /* Main.storyboard */,
				3CE598A228748092004AFD05 /* MainViewController.swift */,
			);
			path = Main;
			sourceTree = "<group>";
		};
		3C823000287518A60031C1DA /* Configuration */ = {
			isa = PBXGroup;
			children = (
				3C823001287518C20031C1DA /* Environment.swift */,
			);
			path = Configuration;
			sourceTree = "<group>";
		};
		3C823003287519250031C1DA /* RootDelegates */ = {
			isa = PBXGroup;
			children = (
				3CE5989E28748092004AFD05 /* AppDelegate.swift */,
				3CE598A028748092004AFD05 /* SceneDelegate.swift */,
			);
			path = RootDelegates;
			sourceTree = "<group>";
		};
		3C8230042875199E0031C1DA /* Utils */ = {
			isa = PBXGroup;
			children = (
				3C823005287519A60031C1DA /* UI */,
				3CDE20122875F24000680B8C /* Protocols */,
				3CD436F82877390A0044AE04 /* StoryboardRouter.swift */,
			);
			path = Utils;
			sourceTree = "<group>";
		};
		3C823005287519A60031C1DA /* UI */ = {
			isa = PBXGroup;
			children = (
				6AAD37E3287C7E9D0030646C /* applyShadow.swift */,
				6AAD37E5287C7EFE0030646C /* calculatePastTime.swift */,
				6AAD37E9287C7FB90030646C /* PanDirectionGesture.swift */,
				6AAD37EB287C807E0030646C /* showToastMessage.swift */,
				3C6CBC1B2881D18300294D2A /* NBSegmentedController.swift */,
			);
			path = UI;
			sourceTree = "<group>";
		};
		3C82300928751A450031C1DA /* Networks */ = {
			isa = PBXGroup;
			children = (
				3C01FCD2287E505200BE23E6 /* Protocols */,
				3C82300A28751A4B0031C1DA /* APIRouter */,
				3C01FCD5287E507300BE23E6 /* NetworkingService */,
				3C01FCDB287E53AF00BE23E6 /* Logger */,
			);
			path = Networks;
			sourceTree = "<group>";
		};
		3C82300A28751A4B0031C1DA /* APIRouter */ = {
			isa = PBXGroup;
			children = (
				3CD436D028772E2A0044AE04 /* APIRouter.swift */,
				3CF40A78287E42FC00C44A64 /* EndPoint.swift */,
			);
			path = APIRouter;
			sourceTree = "<group>";
		};
		3CA17BF72878909600E67B27 /* Font */ = {
			isa = PBXGroup;
			children = (
				3CA17BFA287890E100E67B27 /* Pretendard-Black.otf */,
				3CA17BF9287890E100E67B27 /* Pretendard-Bold.otf */,
				3CA17BFC287890E100E67B27 /* Pretendard-ExtraBold.otf */,
				3CA17BFB287890E100E67B27 /* Pretendard-ExtraLight.otf */,
				3CA17BFD287890E100E67B27 /* Pretendard-Light.otf */,
				3CA17BFF287890E100E67B27 /* Pretendard-Medium.otf */,
				3CA17C00287890E100E67B27 /* Pretendard-Regular.otf */,
				3CA17BFE287890E100E67B27 /* Pretendard-SemiBold.otf */,
				3CA17BF8287890E100E67B27 /* Pretendard-Thin.otf */,
			);
			path = Font;
			sourceTree = "<group>";
		};
		3CA17C14287A6B4600E67B27 /* Utils */ = {
			isa = PBXGroup;
			children = (
				3CD436CE28771B060044AE04 /* Theme.swift */,
				3CA17C0A2878920B00E67B27 /* Font.swift */,
				3CA17C1028789A2200E67B27 /* Color.swift */,
				3CA17C1228789BAE00E67B27 /* ImageFactory.swift */,
			);
			path = Utils;
			sourceTree = "<group>";
		};
		3CD436FC28773DE50044AE04 /* Common */ = {
			isa = PBXGroup;
			children = (
				3CD436FF2877D3FD0044AE04 /* BaseRouter.swift */,
				3CD436FD2877D11C0044AE04 /* AppRouter.swift */,
				3CD4370E2877E8310044AE04 /* TabbarRouter.swift */,
				3CD437012877D4880044AE04 /* NBTabbarController.swift */,
				3CD437162877EC860044AE04 /* BaseViewController.swift */,
			);
			path = Common;
			sourceTree = "<group>";
		};
		3CD437032877DC390044AE04 /* Search */ = {
			isa = PBXGroup;
			children = (
				4D3554B5287DE9DA0063F725 /* Model */,
				4D057170287DC2FB00CB656A /* Component */,
				4D057168287D434700CB656A /* Cell */,
				3CD437062877DC6D0044AE04 /* Search.storyboard */,
				4D057162287CF49900CB656A /* SearchViewController.swift */,
				4D057160287C1AC300CB656A /* SearchResultViewController.swift */,
			);
			path = Search;
			sourceTree = "<group>";
		};
		3CD437042877DC4A0044AE04 /* WritingNote */ = {
			isa = PBXGroup;
			children = (
				6A9486E8288519FB003FB1BD /* Component */,
				6AB39966288411EA00FA7445 /* Cell */,
				3CD4370C2877DC910044AE04 /* WritingNote.storyboard */,
				3CD437122877EC530044AE04 /* WritingNoteViewController.swift */,
			);
			path = WritingNote;
			sourceTree = "<group>";
		};
		3CD437052877DC510044AE04 /* MyPage */ = {
			isa = PBXGroup;
			children = (
				3CD437082877DC760044AE04 /* MyPage.storyboard */,
				3CD437142877EC780044AE04 /* MyPageViewController.swift */,
			);
			path = MyPage;
			sourceTree = "<group>";
		};
		3CDE20122875F24000680B8C /* Protocols */ = {
			isa = PBXGroup;
			children = (
				3CDE20102875F23E00680B8C /* Identifiable.swift */,
			);
			path = Protocols;
			sourceTree = "<group>";
		};
		3CE5989228748092004AFD05 = {
			isa = PBXGroup;
			children = (
				3CE5989D28748092004AFD05 /* Nobar */,
				3CE598B428748093004AFD05 /* NobarTests */,
				3CE598BE28748093004AFD05 /* NobarUITests */,
				3CE5989C28748092004AFD05 /* Products */,
			);
			sourceTree = "<group>";
		};
		3CE5989C28748092004AFD05 /* Products */ = {
			isa = PBXGroup;
			children = (
				3CE5989B28748092004AFD05 /* Nobar.app */,
				3CE598B128748093004AFD05 /* NobarTests.xctest */,
				3CE598BB28748093004AFD05 /* NobarUITests.xctest */,
			);
			name = Products;
			sourceTree = "<group>";
		};
		3CE5989D28748092004AFD05 /* Nobar */ = {
			isa = PBXGroup;
			children = (
				3C822FFA2875171C0031C1DA /* App */,
				3C8230042875199E0031C1DA /* Utils */,
				3C822FFD2875177F0031C1DA /* Scenes */,
				3C822FFC287517710031C1DA /* GlobalExtensions */,
				3C822FFB287517440031C1DA /* Resources */,
				3C82300928751A450031C1DA /* Networks */,
				3CF40A7A287E49D000C44A64 /* Model */,
			);
			path = Nobar;
			sourceTree = "<group>";
		};
		3CE598B428748093004AFD05 /* NobarTests */ = {
			isa = PBXGroup;
			children = (
				3CE598B528748093004AFD05 /* NobarTests.swift */,
			);
			path = NobarTests;
			sourceTree = "<group>";
		};
		3CE598BE28748093004AFD05 /* NobarUITests */ = {
			isa = PBXGroup;
			children = (
				3CE598BF28748093004AFD05 /* NobarUITests.swift */,
				3CE598C128748093004AFD05 /* NobarUITestsLaunchTests.swift */,
			);
			path = NobarUITests;
			sourceTree = "<group>";
		};
		3CF40A7A287E49D000C44A64 /* Model */ = {
			isa = PBXGroup;
			children = (
				3C01FCC4287E4A2400BE23E6 /* Recipe.swift */,
				3C01FCC6287E4A6300BE23E6 /* BaseRecipe.swift */,
				3C01FCC8287E4AA000BE23E6 /* Skill.swift */,
				3C01FCCA287E4ADA00BE23E6 /* Glass.swift */,
				3C01FCCC287E4AF800BE23E6 /* Ingredient.swift */,
				3C01FCCE287E4B2800BE23E6 /* TastingNote.swift */,
				3C01FCD0287E4B8E00BE23E6 /* TastingTag.swift */,
			);
			path = Model;
			sourceTree = "<group>";
		};
		4D057168287D434700CB656A /* Cell */ = {
			isa = PBXGroup;
			children = (
				4D057169287D4CDC00CB656A /* RecentCollectionViewCell.swift */,
				4D05716B287D4D5600CB656A /* RecommendCollectionViewCell.swift */,
				4D38B5BA28800C8D00CD33ED /* SearchAutoResultCollectionViewCell.swift */,
			);
			path = Cell;
			sourceTree = "<group>";
		};
		4D057170287DC2FB00CB656A /* Component */ = {
			isa = PBXGroup;
			children = (
				4D057166287D36BD00CB656A /* SearchHeaderView.swift */,
				4D3554BA287EAAE60063F725 /* SearchTextField.swift */,
			);
			path = Component;
			sourceTree = "<group>";
		};
		4D3554B5287DE9DA0063F725 /* Model */ = {
			isa = PBXGroup;
			children = (
				4D3554B6287DEA670063F725 /* SearchModel.swift */,
			);
			path = Model;
			sourceTree = "<group>";
		};
		6A9486E8288519FB003FB1BD /* Component */ = {
			isa = PBXGroup;
			children = (
				6A9486E928851A32003FB1BD /* TastingTagView.swift */,
				6AF3806C2885E84A00CB8F3E /* TastingNoteTextView.swift */,
			);
			path = Component;
			sourceTree = "<group>";
		};
		6AAD37F1287F21170030646C /* Component */ = {
			isa = PBXGroup;
			children = (
				6AAD37F2287F213B0030646C /* HomeHeaderView.swift */,
				6AAD37F4287F38280030646C /* CocktailCVC.swift */,
				6AAD37FA287FFA240030646C /* GuideCVC.swift */,
				6AAD37FF2880086A0030646C /* RecommendCVC.swift */,
			);
			path = Component;
			sourceTree = "<group>";
		};
		6AAD37FC288005590030646C /* Model */ = {
			isa = PBXGroup;
			children = (
				6AAD37F6287F6D790030646C /* CocktailModel.swift */,
				6AAD37FD288005940030646C /* GuideModel.swift */,
				6AAD380128800A4C0030646C /* RecommendModel.swift */,
			);
			path = Model;
			sourceTree = "<group>";
		};
		6AB39966288411EA00FA7445 /* Cell */ = {
			isa = PBXGroup;
			children = (
				6AB399672884127500FA7445 /* TastingNoteHeaderView.swift */,
				6AD0F82D28849A0C00260574 /* SelectCocktailCVC.swift */,
				6AD0F82F28849DFE00260574 /* TasteCVC.swift */,
				6ABA93E02884A62900084D6D /* ScoreCVC.swift */,
				6AF3806A2885CEA200CB8F3E /* SelectDateCVC.swift */,
			);
			path = Cell;
			sourceTree = "<group>";
		};
/* End PBXGroup section */

/* Begin PBXNativeTarget section */
		3CE5989A28748092004AFD05 /* Nobar */ = {
			isa = PBXNativeTarget;
			buildConfigurationList = 3CE598C528748093004AFD05 /* Build configuration list for PBXNativeTarget "Nobar" */;
			buildPhases = (
				3CE5989728748092004AFD05 /* Sources */,
				3CE5989828748092004AFD05 /* Frameworks */,
				3CE5989928748092004AFD05 /* Resources */,
			);
			buildRules = (
			);
			dependencies = (
			);
			name = Nobar;
			packageProductDependencies = (
				3CD436D328772EBE0044AE04 /* Alamofire */,
				3CD436D628772EE90044AE04 /* SnapKit */,
				3CD436D928772FE10044AE04 /* FirebaseAnalytics */,
				3CD436DB28772FE10044AE04 /* FirebaseCrashlytics */,
				3CD436DD28772FE10044AE04 /* FirebaseMessaging */,
				3CD436E0287730AF0044AE04 /* RxGesture */,
				3CD436E3287730D70044AE04 /* RxCocoa */,
				3CD436E5287730D70044AE04 /* RxRelay */,
				3CD436E7287730D70044AE04 /* RxSwift */,
				3CD436EA2877312F0044AE04 /* Then */,
				3CD436ED287731530044AE04 /* Lottie */,
				3CD436F02877317C0044AE04 /* Kingfisher */,
				3C01FCD7287E50C500BE23E6 /* RxAlamofire */,
			);
			productName = Nobar;
			productReference = 3CE5989B28748092004AFD05 /* Nobar.app */;
			productType = "com.apple.product-type.application";
		};
		3CE598B028748093004AFD05 /* NobarTests */ = {
			isa = PBXNativeTarget;
			buildConfigurationList = 3CE598C828748093004AFD05 /* Build configuration list for PBXNativeTarget "NobarTests" */;
			buildPhases = (
				3CE598AD28748093004AFD05 /* Sources */,
				3CE598AE28748093004AFD05 /* Frameworks */,
				3CE598AF28748093004AFD05 /* Resources */,
			);
			buildRules = (
			);
			dependencies = (
				3CE598B328748093004AFD05 /* PBXTargetDependency */,
			);
			name = NobarTests;
			productName = NobarTests;
			productReference = 3CE598B128748093004AFD05 /* NobarTests.xctest */;
			productType = "com.apple.product-type.bundle.unit-test";
		};
		3CE598BA28748093004AFD05 /* NobarUITests */ = {
			isa = PBXNativeTarget;
			buildConfigurationList = 3CE598CB28748093004AFD05 /* Build configuration list for PBXNativeTarget "NobarUITests" */;
			buildPhases = (
				3CE598B728748093004AFD05 /* Sources */,
				3CE598B828748093004AFD05 /* Frameworks */,
				3CE598B928748093004AFD05 /* Resources */,
			);
			buildRules = (
			);
			dependencies = (
				3CE598BD28748093004AFD05 /* PBXTargetDependency */,
			);
			name = NobarUITests;
			productName = NobarUITests;
			productReference = 3CE598BB28748093004AFD05 /* NobarUITests.xctest */;
			productType = "com.apple.product-type.bundle.ui-testing";
		};
/* End PBXNativeTarget section */

/* Begin PBXProject section */
		3CE5989328748092004AFD05 /* Project object */ = {
			isa = PBXProject;
			attributes = {
				BuildIndependentTargetsInParallel = 1;
				LastSwiftUpdateCheck = 1340;
				LastUpgradeCheck = 1340;
				TargetAttributes = {
					3CE5989A28748092004AFD05 = {
						CreatedOnToolsVersion = 13.4;
					};
					3CE598B028748093004AFD05 = {
						CreatedOnToolsVersion = 13.4;
						TestTargetID = 3CE5989A28748092004AFD05;
					};
					3CE598BA28748093004AFD05 = {
						CreatedOnToolsVersion = 13.4;
						TestTargetID = 3CE5989A28748092004AFD05;
					};
				};
			};
			buildConfigurationList = 3CE5989628748092004AFD05 /* Build configuration list for PBXProject "Nobar" */;
			compatibilityVersion = "Xcode 13.0";
			developmentRegion = en;
			hasScannedForEncodings = 0;
			knownRegions = (
				en,
				Base,
			);
			mainGroup = 3CE5989228748092004AFD05;
			packageReferences = (
				3CD436D228772EBE0044AE04 /* XCRemoteSwiftPackageReference "Alamofire" */,
				3CD436D528772EE90044AE04 /* XCRemoteSwiftPackageReference "SnapKit" */,
				3CD436D828772FE10044AE04 /* XCRemoteSwiftPackageReference "firebase-ios-sdk" */,
				3CD436DF287730AF0044AE04 /* XCRemoteSwiftPackageReference "RxGesture" */,
				3CD436E2287730D70044AE04 /* XCRemoteSwiftPackageReference "RxSwift" */,
				3CD436E92877312F0044AE04 /* XCRemoteSwiftPackageReference "Then" */,
				3CD436EC287731530044AE04 /* XCRemoteSwiftPackageReference "lottie-ios" */,
				3CD436EF2877317C0044AE04 /* XCRemoteSwiftPackageReference "Kingfisher" */,
				3C01FCD6287E50C500BE23E6 /* XCRemoteSwiftPackageReference "RxAlamofire" */,
			);
			productRefGroup = 3CE5989C28748092004AFD05 /* Products */;
			projectDirPath = "";
			projectRoot = "";
			targets = (
				3CE5989A28748092004AFD05 /* Nobar */,
				3CE598B028748093004AFD05 /* NobarTests */,
				3CE598BA28748093004AFD05 /* NobarUITests */,
			);
		};
/* End PBXProject section */

/* Begin PBXResourcesBuildPhase section */
		3CE5989928748092004AFD05 /* Resources */ = {
			isa = PBXResourcesBuildPhase;
			buildActionMask = 2147483647;
			files = (
				3CE598AB28748093004AFD05 /* LaunchScreen.storyboard in Resources */,
				3CA17C02287890E100E67B27 /* Pretendard-Bold.otf in Resources */,
				3CA17C04287890E100E67B27 /* Pretendard-ExtraLight.otf in Resources */,
				3CA17C07287890E100E67B27 /* Pretendard-SemiBold.otf in Resources */,
				3CD4370D2877DC910044AE04 /* WritingNote.storyboard in Resources */,
				3CA17C01287890E100E67B27 /* Pretendard-Thin.otf in Resources */,
				3CA17C06287890E100E67B27 /* Pretendard-Light.otf in Resources */,
				3CA17C09287890E100E67B27 /* Pretendard-Regular.otf in Resources */,
				3CA17C08287890E100E67B27 /* Pretendard-Medium.otf in Resources */,
				3CA17C03287890E100E67B27 /* Pretendard-Black.otf in Resources */,
				3CA17C05287890E100E67B27 /* Pretendard-ExtraBold.otf in Resources */,
				3CD437092877DC760044AE04 /* MyPage.storyboard in Resources */,
				3CE598A828748093004AFD05 /* Assets.xcassets in Resources */,
				3CD437072877DC6D0044AE04 /* Search.storyboard in Resources */,
				3CE598A628748092004AFD05 /* Main.storyboard in Resources */,
			);
			runOnlyForDeploymentPostprocessing = 0;
		};
		3CE598AF28748093004AFD05 /* Resources */ = {
			isa = PBXResourcesBuildPhase;
			buildActionMask = 2147483647;
			files = (
			);
			runOnlyForDeploymentPostprocessing = 0;
		};
		3CE598B928748093004AFD05 /* Resources */ = {
			isa = PBXResourcesBuildPhase;
			buildActionMask = 2147483647;
			files = (
			);
			runOnlyForDeploymentPostprocessing = 0;
		};
/* End PBXResourcesBuildPhase section */

/* Begin PBXSourcesBuildPhase section */
		3CE5989728748092004AFD05 /* Sources */ = {
			isa = PBXSourcesBuildPhase;
			buildActionMask = 2147483647;
			files = (
				3CE598A328748092004AFD05 /* MainViewController.swift in Sources */,
				4D057161287C1AC400CB656A /* SearchResultViewController.swift in Sources */,
				3CD437152877EC780044AE04 /* MyPageViewController.swift in Sources */,
				6AAD37EA287C7FBA0030646C /* PanDirectionGesture.swift in Sources */,
				3CA17C1128789A2200E67B27 /* Color.swift in Sources */,
				3CDE20112875F23E00680B8C /* Identifiable.swift in Sources */,
				6A9486EA28851A32003FB1BD /* TastingTagView.swift in Sources */,
				3C823002287518C20031C1DA /* Environment.swift in Sources */,
				6AAD37FB287FFA240030646C /* GuideCVC.swift in Sources */,
				3C6CBC1C2881D18300294D2A /* NBSegmentedController.swift in Sources */,
				6AAD37EC287C807E0030646C /* showToastMessage.swift in Sources */,
				3C01FCC9287E4AA000BE23E6 /* Skill.swift in Sources */,
				6AAD37E4287C7E9D0030646C /* applyShadow.swift in Sources */,
				3CD437172877EC860044AE04 /* BaseViewController.swift in Sources */,
				3CD437022877D4880044AE04 /* NBTabbarController.swift in Sources */,
				4D05716C287D4D5600CB656A /* RecommendCollectionViewCell.swift in Sources */,
				3C01FCD4287E505A00BE23E6 /* Networking.swift in Sources */,
				3CF40A79287E42FC00C44A64 /* EndPoint.swift in Sources */,
				3CD437132877EC530044AE04 /* WritingNoteViewController.swift in Sources */,
				3CE5989F28748092004AFD05 /* AppDelegate.swift in Sources */,
				3C01FCDA287E526400BE23E6 /* NetworkingService.swift in Sources */,
				3CD436FB2877395C0044AE04 /* UICollectionView+Extensions.swift in Sources */,
				6AAD37F7287F6D7A0030646C /* CocktailModel.swift in Sources */,
				6AAD37DC287C71FA0030646C /* UIView+Extension.swift in Sources */,
				4D38B5BB28800C8D00CD33ED /* SearchAutoResultCollectionViewCell.swift in Sources */,
				6AB399682884127500FA7445 /* TastingNoteHeaderView.swift in Sources */,
				4D3554B7287DEA670063F725 /* SearchModel.swift in Sources */,
				3C01FCCF287E4B2800BE23E6 /* TastingNote.swift in Sources */,
				3CD4370F2877E8310044AE04 /* TabbarRouter.swift in Sources */,
				6AAD37E0287C7A720030646C /* UITextfield+Extension.swift in Sources */,
				4D057167287D36BD00CB656A /* SearchHeaderView.swift in Sources */,
				3C82300C28751AF90031C1DA /* UIViewController+Extensions.swift in Sources */,
				4D057165287CFF1500CB656A /* Adjusted+Extension.swift in Sources */,
				4D057163287CF49A00CB656A /* SearchViewController.swift in Sources */,
				3CD436D128772E2A0044AE04 /* APIRouter.swift in Sources */,
				4D05716A287D4CDC00CB656A /* RecentCollectionViewCell.swift in Sources */,
				3CA17C0B2878920B00E67B27 /* Font.swift in Sources */,
				3CD437002877D3FD0044AE04 /* BaseRouter.swift in Sources */,
				3C01FCDD287E53BF00BE23E6 /* NetworkLogger.swift in Sources */,
				6AF3806B2885CEA200CB8F3E /* SelectDateCVC.swift in Sources */,
				6AD0F83028849DFE00260574 /* TasteCVC.swift in Sources */,
				6AAD37FE288005940030646C /* GuideModel.swift in Sources */,
				6AAD37DE287C75240030646C /* UIScreen+Extension.swift in Sources */,
				3CA17C1328789BAE00E67B27 /* ImageFactory.swift in Sources */,
				6AF3806D2885E84A00CB8F3E /* TastingNoteTextView.swift in Sources */,
				3CD436F7287738DD0044AE04 /* UIStoryboard+Extensions.swift in Sources */,
				3CD436FE2877D11C0044AE04 /* AppRouter.swift in Sources */,
				3C01FCD1287E4B8E00BE23E6 /* TastingTag.swift in Sources */,
				6AAD38002880086C0030646C /* RecommendCVC.swift in Sources */,
				3CD436F92877390A0044AE04 /* StoryboardRouter.swift in Sources */,
				3CE598A128748092004AFD05 /* SceneDelegate.swift in Sources */,
				4D3554B9287E56280063F725 /* NSObject+Extension.swift in Sources */,
				3C01FCC5287E4A2400BE23E6 /* Recipe.swift in Sources */,
				6AAD37F5287F38290030646C /* CocktailCVC.swift in Sources */,
				6AAD380228800A4D0030646C /* RecommendModel.swift in Sources */,
				3CA17C18287A71E300E67B27 /* CGFloat+Extensions.swift in Sources */,
				3C01FCC7287E4A6300BE23E6 /* BaseRecipe.swift in Sources */,
				3C01FCCB287E4ADA00BE23E6 /* Glass.swift in Sources */,
				6AAD37F3287F213C0030646C /* HomeHeaderView.swift in Sources */,
				6AAD37E2287C7B250030646C /* UILabel+Extension.swift in Sources */,
				6AAD3804288012910030646C /* UIColor+Extension.swift in Sources */,
				3CD436CF28771B060044AE04 /* Theme.swift in Sources */,
				6ABA93E12884A62900084D6D /* ScoreCVC.swift in Sources */,
				3C01FCDF287E588700BE23E6 /* Data+Extensions.swift in Sources */,
				6AAD37E6287C7EFE0030646C /* calculatePastTime.swift in Sources */,
				6AD0F82E28849A0C00260574 /* SelectCocktailCVC.swift in Sources */,
				3C01FCCD287E4AF800BE23E6 /* Ingredient.swift in Sources */,
				4D3554BB287EAAE60063F725 /* SearchTextField.swift in Sources */,
			);
			runOnlyForDeploymentPostprocessing = 0;
		};
		3CE598AD28748093004AFD05 /* Sources */ = {
			isa = PBXSourcesBuildPhase;
			buildActionMask = 2147483647;
			files = (
				3CE598B628748093004AFD05 /* NobarTests.swift in Sources */,
			);
			runOnlyForDeploymentPostprocessing = 0;
		};
		3CE598B728748093004AFD05 /* Sources */ = {
			isa = PBXSourcesBuildPhase;
			buildActionMask = 2147483647;
			files = (
				3CE598C028748093004AFD05 /* NobarUITests.swift in Sources */,
				3CE598C228748093004AFD05 /* NobarUITestsLaunchTests.swift in Sources */,
			);
			runOnlyForDeploymentPostprocessing = 0;
		};
/* End PBXSourcesBuildPhase section */

/* Begin PBXTargetDependency section */
		3CE598B328748093004AFD05 /* PBXTargetDependency */ = {
			isa = PBXTargetDependency;
			target = 3CE5989A28748092004AFD05 /* Nobar */;
			targetProxy = 3CE598B228748093004AFD05 /* PBXContainerItemProxy */;
		};
		3CE598BD28748093004AFD05 /* PBXTargetDependency */ = {
			isa = PBXTargetDependency;
			target = 3CE5989A28748092004AFD05 /* Nobar */;
			targetProxy = 3CE598BC28748093004AFD05 /* PBXContainerItemProxy */;
		};
/* End PBXTargetDependency section */

/* Begin PBXVariantGroup section */
		3CE598A428748092004AFD05 /* Main.storyboard */ = {
			isa = PBXVariantGroup;
			children = (
				3CE598A528748092004AFD05 /* Base */,
			);
			name = Main.storyboard;
			sourceTree = "<group>";
		};
		3CE598A928748093004AFD05 /* LaunchScreen.storyboard */ = {
			isa = PBXVariantGroup;
			children = (
				3CE598AA28748093004AFD05 /* Base */,
			);
			name = LaunchScreen.storyboard;
			sourceTree = "<group>";
		};
/* End PBXVariantGroup section */

/* Begin XCBuildConfiguration section */
		3CE598C328748093004AFD05 /* Debug */ = {
			isa = XCBuildConfiguration;
			buildSettings = {
				ALWAYS_SEARCH_USER_PATHS = NO;
				CLANG_ANALYZER_NONNULL = YES;
				CLANG_ANALYZER_NUMBER_OBJECT_CONVERSION = YES_AGGRESSIVE;
				CLANG_CXX_LANGUAGE_STANDARD = "gnu++17";
				CLANG_ENABLE_MODULES = YES;
				CLANG_ENABLE_OBJC_ARC = YES;
				CLANG_ENABLE_OBJC_WEAK = YES;
				CLANG_WARN_BLOCK_CAPTURE_AUTORELEASING = YES;
				CLANG_WARN_BOOL_CONVERSION = YES;
				CLANG_WARN_COMMA = YES;
				CLANG_WARN_CONSTANT_CONVERSION = YES;
				CLANG_WARN_DEPRECATED_OBJC_IMPLEMENTATIONS = YES;
				CLANG_WARN_DIRECT_OBJC_ISA_USAGE = YES_ERROR;
				CLANG_WARN_DOCUMENTATION_COMMENTS = YES;
				CLANG_WARN_EMPTY_BODY = YES;
				CLANG_WARN_ENUM_CONVERSION = YES;
				CLANG_WARN_INFINITE_RECURSION = YES;
				CLANG_WARN_INT_CONVERSION = YES;
				CLANG_WARN_NON_LITERAL_NULL_CONVERSION = YES;
				CLANG_WARN_OBJC_IMPLICIT_RETAIN_SELF = YES;
				CLANG_WARN_OBJC_LITERAL_CONVERSION = YES;
				CLANG_WARN_OBJC_ROOT_CLASS = YES_ERROR;
				CLANG_WARN_QUOTED_INCLUDE_IN_FRAMEWORK_HEADER = YES;
				CLANG_WARN_RANGE_LOOP_ANALYSIS = YES;
				CLANG_WARN_STRICT_PROTOTYPES = YES;
				CLANG_WARN_SUSPICIOUS_MOVE = YES;
				CLANG_WARN_UNGUARDED_AVAILABILITY = YES_AGGRESSIVE;
				CLANG_WARN_UNREACHABLE_CODE = YES;
				CLANG_WARN__DUPLICATE_METHOD_MATCH = YES;
				COPY_PHASE_STRIP = NO;
				DEBUG_INFORMATION_FORMAT = dwarf;
				ENABLE_STRICT_OBJC_MSGSEND = YES;
				ENABLE_TESTABILITY = YES;
				GCC_C_LANGUAGE_STANDARD = gnu11;
				GCC_DYNAMIC_NO_PIC = NO;
				GCC_NO_COMMON_BLOCKS = YES;
				GCC_OPTIMIZATION_LEVEL = 0;
				GCC_PREPROCESSOR_DEFINITIONS = (
					"DEBUG=1",
					"$(inherited)",
				);
				GCC_WARN_64_TO_32_BIT_CONVERSION = YES;
				GCC_WARN_ABOUT_RETURN_TYPE = YES_ERROR;
				GCC_WARN_UNDECLARED_SELECTOR = YES;
				GCC_WARN_UNINITIALIZED_AUTOS = YES_AGGRESSIVE;
				GCC_WARN_UNUSED_FUNCTION = YES;
				GCC_WARN_UNUSED_VARIABLE = YES;
				IPHONEOS_DEPLOYMENT_TARGET = 15.5;
				MTL_ENABLE_DEBUG_INFO = INCLUDE_SOURCE;
				MTL_FAST_MATH = YES;
				ONLY_ACTIVE_ARCH = YES;
				SDKROOT = iphoneos;
				SWIFT_ACTIVE_COMPILATION_CONDITIONS = DEBUG;
				SWIFT_OPTIMIZATION_LEVEL = "-Onone";
			};
			name = Debug;
		};
		3CE598C428748093004AFD05 /* Release */ = {
			isa = XCBuildConfiguration;
			buildSettings = {
				ALWAYS_SEARCH_USER_PATHS = NO;
				CLANG_ANALYZER_NONNULL = YES;
				CLANG_ANALYZER_NUMBER_OBJECT_CONVERSION = YES_AGGRESSIVE;
				CLANG_CXX_LANGUAGE_STANDARD = "gnu++17";
				CLANG_ENABLE_MODULES = YES;
				CLANG_ENABLE_OBJC_ARC = YES;
				CLANG_ENABLE_OBJC_WEAK = YES;
				CLANG_WARN_BLOCK_CAPTURE_AUTORELEASING = YES;
				CLANG_WARN_BOOL_CONVERSION = YES;
				CLANG_WARN_COMMA = YES;
				CLANG_WARN_CONSTANT_CONVERSION = YES;
				CLANG_WARN_DEPRECATED_OBJC_IMPLEMENTATIONS = YES;
				CLANG_WARN_DIRECT_OBJC_ISA_USAGE = YES_ERROR;
				CLANG_WARN_DOCUMENTATION_COMMENTS = YES;
				CLANG_WARN_EMPTY_BODY = YES;
				CLANG_WARN_ENUM_CONVERSION = YES;
				CLANG_WARN_INFINITE_RECURSION = YES;
				CLANG_WARN_INT_CONVERSION = YES;
				CLANG_WARN_NON_LITERAL_NULL_CONVERSION = YES;
				CLANG_WARN_OBJC_IMPLICIT_RETAIN_SELF = YES;
				CLANG_WARN_OBJC_LITERAL_CONVERSION = YES;
				CLANG_WARN_OBJC_ROOT_CLASS = YES_ERROR;
				CLANG_WARN_QUOTED_INCLUDE_IN_FRAMEWORK_HEADER = YES;
				CLANG_WARN_RANGE_LOOP_ANALYSIS = YES;
				CLANG_WARN_STRICT_PROTOTYPES = YES;
				CLANG_WARN_SUSPICIOUS_MOVE = YES;
				CLANG_WARN_UNGUARDED_AVAILABILITY = YES_AGGRESSIVE;
				CLANG_WARN_UNREACHABLE_CODE = YES;
				CLANG_WARN__DUPLICATE_METHOD_MATCH = YES;
				COPY_PHASE_STRIP = NO;
				DEBUG_INFORMATION_FORMAT = "dwarf-with-dsym";
				ENABLE_NS_ASSERTIONS = NO;
				ENABLE_STRICT_OBJC_MSGSEND = YES;
				GCC_C_LANGUAGE_STANDARD = gnu11;
				GCC_NO_COMMON_BLOCKS = YES;
				GCC_WARN_64_TO_32_BIT_CONVERSION = YES;
				GCC_WARN_ABOUT_RETURN_TYPE = YES_ERROR;
				GCC_WARN_UNDECLARED_SELECTOR = YES;
				GCC_WARN_UNINITIALIZED_AUTOS = YES_AGGRESSIVE;
				GCC_WARN_UNUSED_FUNCTION = YES;
				GCC_WARN_UNUSED_VARIABLE = YES;
				IPHONEOS_DEPLOYMENT_TARGET = 15.5;
				MTL_ENABLE_DEBUG_INFO = NO;
				MTL_FAST_MATH = YES;
				SDKROOT = iphoneos;
				SWIFT_COMPILATION_MODE = wholemodule;
				SWIFT_OPTIMIZATION_LEVEL = "-O";
				VALIDATE_PRODUCT = YES;
			};
			name = Release;
		};
		3CE598C628748093004AFD05 /* Debug */ = {
			isa = XCBuildConfiguration;
			buildSettings = {
				ASSETCATALOG_COMPILER_APPICON_NAME = AppIcon;
				ASSETCATALOG_COMPILER_GLOBAL_ACCENT_COLOR_NAME = AccentColor;
				CODE_SIGN_IDENTITY = "iPhone Developer";
				CODE_SIGN_STYLE = Manual;
				CURRENT_PROJECT_VERSION = 1;
				DEVELOPMENT_TEAM = BWM6S332K8;
				GENERATE_INFOPLIST_FILE = YES;
				INFOPLIST_FILE = Nobar/Resources/plists/Info.plist;
				INFOPLIST_KEY_UIApplicationSupportsIndirectInputEvents = YES;
				INFOPLIST_KEY_UILaunchStoryboardName = LaunchScreen;
				INFOPLIST_KEY_UIMainStoryboardFile = Main;
				INFOPLIST_KEY_UISupportedInterfaceOrientations_iPad = "UIInterfaceOrientationPortrait UIInterfaceOrientationPortraitUpsideDown UIInterfaceOrientationLandscapeLeft UIInterfaceOrientationLandscapeRight";
				INFOPLIST_KEY_UISupportedInterfaceOrientations_iPhone = "UIInterfaceOrientationPortrait UIInterfaceOrientationLandscapeLeft UIInterfaceOrientationLandscapeRight";
				LD_RUNPATH_SEARCH_PATHS = (
					"$(inherited)",
					"@executable_path/Frameworks",
				);
				MARKETING_VERSION = 1.0;
				PRODUCT_BUNDLE_IDENTIFIER = "kr.teamnobar.nobar-ios-debug";
				PRODUCT_NAME = "$(TARGET_NAME)";
				PROVISIONING_PROFILE_SPECIFIER = "match Development kr.teamnobar.nobar-ios-debug";
				SWIFT_EMIT_LOC_STRINGS = YES;
				SWIFT_VERSION = 5.0;
				TARGETED_DEVICE_FAMILY = "1,2";
			};
			name = Debug;
		};
		3CE598C728748093004AFD05 /* Release */ = {
			isa = XCBuildConfiguration;
			buildSettings = {
				ASSETCATALOG_COMPILER_APPICON_NAME = AppIcon;
				ASSETCATALOG_COMPILER_GLOBAL_ACCENT_COLOR_NAME = AccentColor;
				CODE_SIGN_STYLE = Manual;
				CURRENT_PROJECT_VERSION = 1;
				DEVELOPMENT_TEAM = "";
				GENERATE_INFOPLIST_FILE = YES;
				INFOPLIST_FILE = Nobar/Resources/plists/Info.plist;
				INFOPLIST_KEY_UIApplicationSupportsIndirectInputEvents = YES;
				INFOPLIST_KEY_UILaunchStoryboardName = LaunchScreen;
				INFOPLIST_KEY_UIMainStoryboardFile = Main;
				INFOPLIST_KEY_UISupportedInterfaceOrientations_iPad = "UIInterfaceOrientationPortrait UIInterfaceOrientationPortraitUpsideDown UIInterfaceOrientationLandscapeLeft UIInterfaceOrientationLandscapeRight";
				INFOPLIST_KEY_UISupportedInterfaceOrientations_iPhone = "UIInterfaceOrientationPortrait UIInterfaceOrientationLandscapeLeft UIInterfaceOrientationLandscapeRight";
				LD_RUNPATH_SEARCH_PATHS = (
					"$(inherited)",
					"@executable_path/Frameworks",
				);
				MARKETING_VERSION = 1.0;
				PRODUCT_BUNDLE_IDENTIFIER = "kr.teamnobar.nobarios-release";
				PRODUCT_NAME = "$(TARGET_NAME)";
				PROVISIONING_PROFILE_SPECIFIER = "";
				SWIFT_EMIT_LOC_STRINGS = YES;
				SWIFT_VERSION = 5.0;
				TARGETED_DEVICE_FAMILY = "1,2";
			};
			name = Release;
		};
		3CE598C928748093004AFD05 /* Debug */ = {
			isa = XCBuildConfiguration;
			buildSettings = {
				ALWAYS_EMBED_SWIFT_STANDARD_LIBRARIES = YES;
				BUNDLE_LOADER = "$(TEST_HOST)";
				CODE_SIGN_STYLE = Automatic;
				CURRENT_PROJECT_VERSION = 1;
				DEVELOPMENT_TEAM = BWM6S332K8;
				GENERATE_INFOPLIST_FILE = YES;
				IPHONEOS_DEPLOYMENT_TARGET = 15.5;
				MARKETING_VERSION = 1.0;
				PRODUCT_BUNDLE_IDENTIFIER = kr.nobar.ios.NobarTests;
				PRODUCT_NAME = "$(TARGET_NAME)";
				SWIFT_EMIT_LOC_STRINGS = NO;
				SWIFT_VERSION = 5.0;
				TARGETED_DEVICE_FAMILY = "1,2";
				TEST_HOST = "$(BUILT_PRODUCTS_DIR)/Nobar.app/Nobar";
			};
			name = Debug;
		};
		3CE598CA28748093004AFD05 /* Release */ = {
			isa = XCBuildConfiguration;
			buildSettings = {
				ALWAYS_EMBED_SWIFT_STANDARD_LIBRARIES = YES;
				BUNDLE_LOADER = "$(TEST_HOST)";
				CODE_SIGN_STYLE = Automatic;
				CURRENT_PROJECT_VERSION = 1;
				DEVELOPMENT_TEAM = BWM6S332K8;
				GENERATE_INFOPLIST_FILE = YES;
				IPHONEOS_DEPLOYMENT_TARGET = 15.5;
				MARKETING_VERSION = 1.0;
				PRODUCT_BUNDLE_IDENTIFIER = kr.nobar.ios.NobarTests;
				PRODUCT_NAME = "$(TARGET_NAME)";
				SWIFT_EMIT_LOC_STRINGS = NO;
				SWIFT_VERSION = 5.0;
				TARGETED_DEVICE_FAMILY = "1,2";
				TEST_HOST = "$(BUILT_PRODUCTS_DIR)/Nobar.app/Nobar";
			};
			name = Release;
		};
		3CE598CC28748093004AFD05 /* Debug */ = {
			isa = XCBuildConfiguration;
			buildSettings = {
				ALWAYS_EMBED_SWIFT_STANDARD_LIBRARIES = YES;
				CODE_SIGN_STYLE = Automatic;
				CURRENT_PROJECT_VERSION = 1;
				DEVELOPMENT_TEAM = BWM6S332K8;
				GENERATE_INFOPLIST_FILE = YES;
				MARKETING_VERSION = 1.0;
				PRODUCT_BUNDLE_IDENTIFIER = kr.nobar.ios.NobarUITests;
				PRODUCT_NAME = "$(TARGET_NAME)";
				SWIFT_EMIT_LOC_STRINGS = NO;
				SWIFT_VERSION = 5.0;
				TARGETED_DEVICE_FAMILY = "1,2";
				TEST_TARGET_NAME = Nobar;
			};
			name = Debug;
		};
		3CE598CD28748093004AFD05 /* Release */ = {
			isa = XCBuildConfiguration;
			buildSettings = {
				ALWAYS_EMBED_SWIFT_STANDARD_LIBRARIES = YES;
				CODE_SIGN_STYLE = Automatic;
				CURRENT_PROJECT_VERSION = 1;
				DEVELOPMENT_TEAM = BWM6S332K8;
				GENERATE_INFOPLIST_FILE = YES;
				MARKETING_VERSION = 1.0;
				PRODUCT_BUNDLE_IDENTIFIER = kr.nobar.ios.NobarUITests;
				PRODUCT_NAME = "$(TARGET_NAME)";
				SWIFT_EMIT_LOC_STRINGS = NO;
				SWIFT_VERSION = 5.0;
				TARGETED_DEVICE_FAMILY = "1,2";
				TEST_TARGET_NAME = Nobar;
			};
			name = Release;
		};
/* End XCBuildConfiguration section */

/* Begin XCConfigurationList section */
		3CE5989628748092004AFD05 /* Build configuration list for PBXProject "Nobar" */ = {
			isa = XCConfigurationList;
			buildConfigurations = (
				3CE598C328748093004AFD05 /* Debug */,
				3CE598C428748093004AFD05 /* Release */,
			);
			defaultConfigurationIsVisible = 0;
			defaultConfigurationName = Release;
		};
		3CE598C528748093004AFD05 /* Build configuration list for PBXNativeTarget "Nobar" */ = {
			isa = XCConfigurationList;
			buildConfigurations = (
				3CE598C628748093004AFD05 /* Debug */,
				3CE598C728748093004AFD05 /* Release */,
			);
			defaultConfigurationIsVisible = 0;
			defaultConfigurationName = Release;
		};
		3CE598C828748093004AFD05 /* Build configuration list for PBXNativeTarget "NobarTests" */ = {
			isa = XCConfigurationList;
			buildConfigurations = (
				3CE598C928748093004AFD05 /* Debug */,
				3CE598CA28748093004AFD05 /* Release */,
			);
			defaultConfigurationIsVisible = 0;
			defaultConfigurationName = Release;
		};
		3CE598CB28748093004AFD05 /* Build configuration list for PBXNativeTarget "NobarUITests" */ = {
			isa = XCConfigurationList;
			buildConfigurations = (
				3CE598CC28748093004AFD05 /* Debug */,
				3CE598CD28748093004AFD05 /* Release */,
			);
			defaultConfigurationIsVisible = 0;
			defaultConfigurationName = Release;
		};
/* End XCConfigurationList section */

/* Begin XCRemoteSwiftPackageReference section */
		3C01FCD6287E50C500BE23E6 /* XCRemoteSwiftPackageReference "RxAlamofire" */ = {
			isa = XCRemoteSwiftPackageReference;
			repositoryURL = "https://github.com/RxSwiftCommunity/RxAlamofire";
			requirement = {
				kind = upToNextMajorVersion;
				minimumVersion = 6.1.0;
			};
		};
		3CD436D228772EBE0044AE04 /* XCRemoteSwiftPackageReference "Alamofire" */ = {
			isa = XCRemoteSwiftPackageReference;
			repositoryURL = "https://github.com/Alamofire/Alamofire";
			requirement = {
				kind = upToNextMajorVersion;
				minimumVersion = 5.6.1;
			};
		};
		3CD436D528772EE90044AE04 /* XCRemoteSwiftPackageReference "SnapKit" */ = {
			isa = XCRemoteSwiftPackageReference;
			repositoryURL = "https://github.com/SnapKit/SnapKit";
			requirement = {
				kind = upToNextMajorVersion;
				minimumVersion = 5.6.0;
			};
		};
		3CD436D828772FE10044AE04 /* XCRemoteSwiftPackageReference "firebase-ios-sdk" */ = {
			isa = XCRemoteSwiftPackageReference;
			repositoryURL = "https://github.com/firebase/firebase-ios-sdk";
			requirement = {
				kind = upToNextMajorVersion;
				minimumVersion = 9.2.0;
			};
		};
		3CD436DF287730AF0044AE04 /* XCRemoteSwiftPackageReference "RxGesture" */ = {
			isa = XCRemoteSwiftPackageReference;
			repositoryURL = "https://github.com/RxSwiftCommunity/RxGesture";
			requirement = {
				kind = upToNextMajorVersion;
				minimumVersion = 4.0.4;
			};
		};
		3CD436E2287730D70044AE04 /* XCRemoteSwiftPackageReference "RxSwift" */ = {
			isa = XCRemoteSwiftPackageReference;
			repositoryURL = "https://github.com/ReactiveX/RxSwift";
			requirement = {
				kind = upToNextMajorVersion;
				minimumVersion = 6.5.0;
			};
		};
		3CD436E92877312F0044AE04 /* XCRemoteSwiftPackageReference "Then" */ = {
			isa = XCRemoteSwiftPackageReference;
			repositoryURL = "https://github.com/devxoul/Then";
			requirement = {
				kind = upToNextMajorVersion;
				minimumVersion = 3.0.0;
			};
		};
		3CD436EC287731530044AE04 /* XCRemoteSwiftPackageReference "lottie-ios" */ = {
			isa = XCRemoteSwiftPackageReference;
			repositoryURL = "https://github.com/airbnb/lottie-ios";
			requirement = {
				kind = upToNextMajorVersion;
				minimumVersion = 3.4.0;
			};
		};
		3CD436EF2877317C0044AE04 /* XCRemoteSwiftPackageReference "Kingfisher" */ = {
			isa = XCRemoteSwiftPackageReference;
			repositoryURL = "https://github.com/onevcat/Kingfisher";
			requirement = {
				kind = upToNextMajorVersion;
				minimumVersion = 7.3.0;
			};
		};
/* End XCRemoteSwiftPackageReference section */

/* Begin XCSwiftPackageProductDependency section */
		3C01FCD7287E50C500BE23E6 /* RxAlamofire */ = {
			isa = XCSwiftPackageProductDependency;
			package = 3C01FCD6287E50C500BE23E6 /* XCRemoteSwiftPackageReference "RxAlamofire" */;
			productName = RxAlamofire;
		};
		3CD436D328772EBE0044AE04 /* Alamofire */ = {
			isa = XCSwiftPackageProductDependency;
			package = 3CD436D228772EBE0044AE04 /* XCRemoteSwiftPackageReference "Alamofire" */;
			productName = Alamofire;
		};
		3CD436D628772EE90044AE04 /* SnapKit */ = {
			isa = XCSwiftPackageProductDependency;
			package = 3CD436D528772EE90044AE04 /* XCRemoteSwiftPackageReference "SnapKit" */;
			productName = SnapKit;
		};
		3CD436D928772FE10044AE04 /* FirebaseAnalytics */ = {
			isa = XCSwiftPackageProductDependency;
			package = 3CD436D828772FE10044AE04 /* XCRemoteSwiftPackageReference "firebase-ios-sdk" */;
			productName = FirebaseAnalytics;
		};
		3CD436DB28772FE10044AE04 /* FirebaseCrashlytics */ = {
			isa = XCSwiftPackageProductDependency;
			package = 3CD436D828772FE10044AE04 /* XCRemoteSwiftPackageReference "firebase-ios-sdk" */;
			productName = FirebaseCrashlytics;
		};
		3CD436DD28772FE10044AE04 /* FirebaseMessaging */ = {
			isa = XCSwiftPackageProductDependency;
			package = 3CD436D828772FE10044AE04 /* XCRemoteSwiftPackageReference "firebase-ios-sdk" */;
			productName = FirebaseMessaging;
		};
		3CD436E0287730AF0044AE04 /* RxGesture */ = {
			isa = XCSwiftPackageProductDependency;
			package = 3CD436DF287730AF0044AE04 /* XCRemoteSwiftPackageReference "RxGesture" */;
			productName = RxGesture;
		};
		3CD436E3287730D70044AE04 /* RxCocoa */ = {
			isa = XCSwiftPackageProductDependency;
			package = 3CD436E2287730D70044AE04 /* XCRemoteSwiftPackageReference "RxSwift" */;
			productName = RxCocoa;
		};
		3CD436E5287730D70044AE04 /* RxRelay */ = {
			isa = XCSwiftPackageProductDependency;
			package = 3CD436E2287730D70044AE04 /* XCRemoteSwiftPackageReference "RxSwift" */;
			productName = RxRelay;
		};
		3CD436E7287730D70044AE04 /* RxSwift */ = {
			isa = XCSwiftPackageProductDependency;
			package = 3CD436E2287730D70044AE04 /* XCRemoteSwiftPackageReference "RxSwift" */;
			productName = RxSwift;
		};
		3CD436EA2877312F0044AE04 /* Then */ = {
			isa = XCSwiftPackageProductDependency;
			package = 3CD436E92877312F0044AE04 /* XCRemoteSwiftPackageReference "Then" */;
			productName = Then;
		};
		3CD436ED287731530044AE04 /* Lottie */ = {
			isa = XCSwiftPackageProductDependency;
			package = 3CD436EC287731530044AE04 /* XCRemoteSwiftPackageReference "lottie-ios" */;
			productName = Lottie;
		};
		3CD436F02877317C0044AE04 /* Kingfisher */ = {
			isa = XCSwiftPackageProductDependency;
			package = 3CD436EF2877317C0044AE04 /* XCRemoteSwiftPackageReference "Kingfisher" */;
			productName = Kingfisher;
		};
/* End XCSwiftPackageProductDependency section */
	};
	rootObject = 3CE5989328748092004AFD05 /* Project object */;
}
