// !$*UTF8*$!
{
	archiveVersion = 1;
	classes = {
	};
	objectVersion = 55;
	objects = {

/* Begin PBXBuildFile section */
		3C823002287518C20031C1DA /* Environment.swift in Sources */ = {isa = PBXBuildFile; fileRef = 3C823001287518C20031C1DA /* Environment.swift */; };
		3C82300C28751AF90031C1DA /* UIViewController+Extensions.swift in Sources */ = {isa = PBXBuildFile; fileRef = 3C82300B28751AF90031C1DA /* UIViewController+Extensions.swift */; };
		3CDE20112875F23E00680B8C /* Identifiable.swift in Sources */ = {isa = PBXBuildFile; fileRef = 3CDE20102875F23E00680B8C /* Identifiable.swift */; };
		3CE5989F28748092004AFD05 /* AppDelegate.swift in Sources */ = {isa = PBXBuildFile; fileRef = 3CE5989E28748092004AFD05 /* AppDelegate.swift */; };
		3CE598A128748092004AFD05 /* SceneDelegate.swift in Sources */ = {isa = PBXBuildFile; fileRef = 3CE598A028748092004AFD05 /* SceneDelegate.swift */; };
		3CE598A328748092004AFD05 /* ViewController.swift in Sources */ = {isa = PBXBuildFile; fileRef = 3CE598A228748092004AFD05 /* ViewController.swift */; };
		3CE598A628748092004AFD05 /* Main.storyboard in Resources */ = {isa = PBXBuildFile; fileRef = 3CE598A428748092004AFD05 /* Main.storyboard */; };
		3CE598A828748093004AFD05 /* Assets.xcassets in Resources */ = {isa = PBXBuildFile; fileRef = 3CE598A728748093004AFD05 /* Assets.xcassets */; };
		3CE598AB28748093004AFD05 /* LaunchScreen.storyboard in Resources */ = {isa = PBXBuildFile; fileRef = 3CE598A928748093004AFD05 /* LaunchScreen.storyboard */; };
		3CE598B628748093004AFD05 /* NobarTests.swift in Sources */ = {isa = PBXBuildFile; fileRef = 3CE598B528748093004AFD05 /* NobarTests.swift */; };
		3CE598C028748093004AFD05 /* NobarUITests.swift in Sources */ = {isa = PBXBuildFile; fileRef = 3CE598BF28748093004AFD05 /* NobarUITests.swift */; };
		3CE598C228748093004AFD05 /* NobarUITestsLaunchTests.swift in Sources */ = {isa = PBXBuildFile; fileRef = 3CE598C128748093004AFD05 /* NobarUITestsLaunchTests.swift */; };
/* End PBXBuildFile section */

/* Begin PBXContainerItemProxy section */
		3CE598B228748093004AFD05 /* PBXContainerItemProxy */ = {
			isa = PBXContainerItemProxy;
			containerPortal = 3CE5989328748092004AFD05 /* Project object */;
			proxyType = 1;
			remoteGlobalIDString = 3CE5989A28748092004AFD05;
			remoteInfo = Nobar;
		};
		3CE598BC28748093004AFD05 /* PBXContainerItemProxy */ = {
			isa = PBXContainerItemProxy;
			containerPortal = 3CE5989328748092004AFD05 /* Project object */;
			proxyType = 1;
			remoteGlobalIDString = 3CE5989A28748092004AFD05;
			remoteInfo = Nobar;
		};
/* End PBXContainerItemProxy section */

/* Begin PBXFileReference section */
		3C823001287518C20031C1DA /* Environment.swift */ = {isa = PBXFileReference; lastKnownFileType = sourcecode.swift; path = Environment.swift; sourceTree = "<group>"; };
		3C82300B28751AF90031C1DA /* UIViewController+Extensions.swift */ = {isa = PBXFileReference; lastKnownFileType = sourcecode.swift; path = "UIViewController+Extensions.swift"; sourceTree = "<group>"; };
		3CDE20102875F23E00680B8C /* Identifiable.swift */ = {isa = PBXFileReference; lastKnownFileType = sourcecode.swift; path = Identifiable.swift; sourceTree = "<group>"; };
		3CE5989B28748092004AFD05 /* Nobar.app */ = {isa = PBXFileReference; explicitFileType = wrapper.application; includeInIndex = 0; path = Nobar.app; sourceTree = BUILT_PRODUCTS_DIR; };
		3CE5989E28748092004AFD05 /* AppDelegate.swift */ = {isa = PBXFileReference; lastKnownFileType = sourcecode.swift; path = AppDelegate.swift; sourceTree = "<group>"; };
		3CE598A028748092004AFD05 /* SceneDelegate.swift */ = {isa = PBXFileReference; lastKnownFileType = sourcecode.swift; path = SceneDelegate.swift; sourceTree = "<group>"; };
		3CE598A228748092004AFD05 /* ViewController.swift */ = {isa = PBXFileReference; lastKnownFileType = sourcecode.swift; path = ViewController.swift; sourceTree = "<group>"; };
		3CE598A528748092004AFD05 /* Base */ = {isa = PBXFileReference; lastKnownFileType = file.storyboard; name = Base; path = Base.lproj/Main.storyboard; sourceTree = "<group>"; };
		3CE598A728748093004AFD05 /* Assets.xcassets */ = {isa = PBXFileReference; lastKnownFileType = folder.assetcatalog; path = Assets.xcassets; sourceTree = "<group>"; };
		3CE598AA28748093004AFD05 /* Base */ = {isa = PBXFileReference; lastKnownFileType = file.storyboard; name = Base; path = Base.lproj/LaunchScreen.storyboard; sourceTree = "<group>"; };
		3CE598AC28748093004AFD05 /* Info.plist */ = {isa = PBXFileReference; lastKnownFileType = text.plist.xml; path = Info.plist; sourceTree = "<group>"; };
		3CE598B128748093004AFD05 /* NobarTests.xctest */ = {isa = PBXFileReference; explicitFileType = wrapper.cfbundle; includeInIndex = 0; path = NobarTests.xctest; sourceTree = BUILT_PRODUCTS_DIR; };
		3CE598B528748093004AFD05 /* NobarTests.swift */ = {isa = PBXFileReference; lastKnownFileType = sourcecode.swift; path = NobarTests.swift; sourceTree = "<group>"; };
		3CE598BB28748093004AFD05 /* NobarUITests.xctest */ = {isa = PBXFileReference; explicitFileType = wrapper.cfbundle; includeInIndex = 0; path = NobarUITests.xctest; sourceTree = BUILT_PRODUCTS_DIR; };
		3CE598BF28748093004AFD05 /* NobarUITests.swift */ = {isa = PBXFileReference; lastKnownFileType = sourcecode.swift; path = NobarUITests.swift; sourceTree = "<group>"; };
		3CE598C128748093004AFD05 /* NobarUITestsLaunchTests.swift */ = {isa = PBXFileReference; lastKnownFileType = sourcecode.swift; path = NobarUITestsLaunchTests.swift; sourceTree = "<group>"; };
/* End PBXFileReference section */

/* Begin PBXFrameworksBuildPhase section */
		3CE5989828748092004AFD05 /* Frameworks */ = {
			isa = PBXFrameworksBuildPhase;
			buildActionMask = 2147483647;
			files = (
			);
			runOnlyForDeploymentPostprocessing = 0;
		};
		3CE598AE28748093004AFD05 /* Frameworks */ = {
			isa = PBXFrameworksBuildPhase;
			buildActionMask = 2147483647;
			files = (
			);
			runOnlyForDeploymentPostprocessing = 0;
		};
		3CE598B828748093004AFD05 /* Frameworks */ = {
			isa = PBXFrameworksBuildPhase;
			buildActionMask = 2147483647;
			files = (
			);
			runOnlyForDeploymentPostprocessing = 0;
		};
/* End PBXFrameworksBuildPhase section */

/* Begin PBXGroup section */
		3C822FFA2875171C0031C1DA /* App */ = {
			isa = PBXGroup;
			children = (
				3C823000287518A60031C1DA /* Configuration */,
				3C823003287519250031C1DA /* RootDelegates */,
			);
			path = App;
			sourceTree = "<group>";
		};
		3C822FFB287517440031C1DA /* Resources */ = {
			isa = PBXGroup;
			children = (
				3CE598A728748093004AFD05 /* Assets.xcassets */,
				3CE598A928748093004AFD05 /* LaunchScreen.storyboard */,
				3C822FFE287517830031C1DA /* plists */,
			);
			path = Resources;
			sourceTree = "<group>";
		};
		3C822FFC287517710031C1DA /* GlobalExtensions */ = {
			isa = PBXGroup;
			children = (
				3C82300B28751AF90031C1DA /* UIViewController+Extensions.swift */,
			);
			path = GlobalExtensions;
			sourceTree = "<group>";
		};
		3C822FFD2875177F0031C1DA /* Scenes */ = {
			isa = PBXGroup;
			children = (
				3C822FFF287517940031C1DA /* MainHome */,
			);
			path = Scenes;
			sourceTree = "<group>";
		};
		3C822FFE287517830031C1DA /* plists */ = {
			isa = PBXGroup;
			children = (
				3CE598AC28748093004AFD05 /* Info.plist */,
			);
			path = plists;
			sourceTree = "<group>";
		};
		3C822FFF287517940031C1DA /* MainHome */ = {
			isa = PBXGroup;
			children = (
				3CE598A228748092004AFD05 /* ViewController.swift */,
				3CE598A428748092004AFD05 /* Main.storyboard */,
			);
			path = MainHome;
			sourceTree = "<group>";
		};
		3C823000287518A60031C1DA /* Configuration */ = {
			isa = PBXGroup;
			children = (
				3C823001287518C20031C1DA /* Environment.swift */,
			);
			path = Configuration;
			sourceTree = "<group>";
		};
		3C823003287519250031C1DA /* RootDelegates */ = {
			isa = PBXGroup;
			children = (
				3CE5989E28748092004AFD05 /* AppDelegate.swift */,
				3CE598A028748092004AFD05 /* SceneDelegate.swift */,
			);
			path = RootDelegates;
			sourceTree = "<group>";
		};
		3C8230042875199E0031C1DA /* Utils */ = {
			isa = PBXGroup;
			children = (
				3C823005287519A60031C1DA /* UI */,
				3CDE20122875F24000680B8C /* Protocols */,
			);
			path = Utils;
			sourceTree = "<group>";
		};
		3C823005287519A60031C1DA /* UI */ = {
			isa = PBXGroup;
			children = (
			);
			path = UI;
			sourceTree = "<group>";
		};
		3C82300928751A450031C1DA /* Networks */ = {
			isa = PBXGroup;
			children = (
				3C82300A28751A4B0031C1DA /* APIRouter */,
			);
			path = Networks;
			sourceTree = "<group>";
		};
		3C82300A28751A4B0031C1DA /* APIRouter */ = {
			isa = PBXGroup;
			children = (
			);
			path = APIRouter;
			sourceTree = "<group>";
		};
		3CDE20122875F24000680B8C /* Protocols */ = {
			isa = PBXGroup;
			children = (
				3CDE20102875F23E00680B8C /* Identifiable.swift */,
			);
			path = Protocols;
			sourceTree = "<group>";
		};
		3CE5989228748092004AFD05 = {
			isa = PBXGroup;
			children = (
				3CE5989D28748092004AFD05 /* Nobar */,
				3CE598B428748093004AFD05 /* NobarTests */,
				3CE598BE28748093004AFD05 /* NobarUITests */,
				3CE5989C28748092004AFD05 /* Products */,
			);
			sourceTree = "<group>";
		};
		3CE5989C28748092004AFD05 /* Products */ = {
			isa = PBXGroup;
			children = (
				3CE5989B28748092004AFD05 /* Nobar.app */,
				3CE598B128748093004AFD05 /* NobarTests.xctest */,
				3CE598BB28748093004AFD05 /* NobarUITests.xctest */,
			);
			name = Products;
			sourceTree = "<group>";
		};
		3CE5989D28748092004AFD05 /* Nobar */ = {
			isa = PBXGroup;
			children = (
				3C822FFA2875171C0031C1DA /* App */,
				3C8230042875199E0031C1DA /* Utils */,
				3C822FFD2875177F0031C1DA /* Scenes */,
				3C822FFC287517710031C1DA /* GlobalExtensions */,
				3C822FFB287517440031C1DA /* Resources */,
				3C82300928751A450031C1DA /* Networks */,
			);
			path = Nobar;
			sourceTree = "<group>";
		};
		3CE598B428748093004AFD05 /* NobarTests */ = {
			isa = PBXGroup;
			children = (
				3CE598B528748093004AFD05 /* NobarTests.swift */,
			);
			path = NobarTests;
			sourceTree = "<group>";
		};
		3CE598BE28748093004AFD05 /* NobarUITests */ = {
			isa = PBXGroup;
			children = (
				3CE598BF28748093004AFD05 /* NobarUITests.swift */,
				3CE598C128748093004AFD05 /* NobarUITestsLaunchTests.swift */,
			);
			path = NobarUITests;
			sourceTree = "<group>";
		};
/* End PBXGroup section */

/* Begin PBXNativeTarget section */
		3CE5989A28748092004AFD05 /* Nobar */ = {
			isa = PBXNativeTarget;
			buildConfigurationList = 3CE598C528748093004AFD05 /* Build configuration list for PBXNativeTarget "Nobar" */;
			buildPhases = (
				3CE5989728748092004AFD05 /* Sources */,
				3CE5989828748092004AFD05 /* Frameworks */,
				3CE5989928748092004AFD05 /* Resources */,
			);
			buildRules = (
			);
			dependencies = (
			);
			name = Nobar;
			productName = Nobar;
			productReference = 3CE5989B28748092004AFD05 /* Nobar.app */;
			productType = "com.apple.product-type.application";
		};
		3CE598B028748093004AFD05 /* NobarTests */ = {
			isa = PBXNativeTarget;
			buildConfigurationList = 3CE598C828748093004AFD05 /* Build configuration list for PBXNativeTarget "NobarTests" */;
			buildPhases = (
				3CE598AD28748093004AFD05 /* Sources */,
				3CE598AE28748093004AFD05 /* Frameworks */,
				3CE598AF28748093004AFD05 /* Resources */,
			);
			buildRules = (
			);
			dependencies = (
				3CE598B328748093004AFD05 /* PBXTargetDependency */,
			);
			name = NobarTests;
			productName = NobarTests;
			productReference = 3CE598B128748093004AFD05 /* NobarTests.xctest */;
			productType = "com.apple.product-type.bundle.unit-test";
		};
		3CE598BA28748093004AFD05 /* NobarUITests */ = {
			isa = PBXNativeTarget;
			buildConfigurationList = 3CE598CB28748093004AFD05 /* Build configuration list for PBXNativeTarget "NobarUITests" */;
			buildPhases = (
				3CE598B728748093004AFD05 /* Sources */,
				3CE598B828748093004AFD05 /* Frameworks */,
				3CE598B928748093004AFD05 /* Resources */,
			);
			buildRules = (
			);
			dependencies = (
				3CE598BD28748093004AFD05 /* PBXTargetDependency */,
			);
			name = NobarUITests;
			productName = NobarUITests;
			productReference = 3CE598BB28748093004AFD05 /* NobarUITests.xctest */;
			productType = "com.apple.product-type.bundle.ui-testing";
		};
/* End PBXNativeTarget section */

/* Begin PBXProject section */
		3CE5989328748092004AFD05 /* Project object */ = {
			isa = PBXProject;
			attributes = {
				BuildIndependentTargetsInParallel = 1;
				LastSwiftUpdateCheck = 1340;
				LastUpgradeCheck = 1340;
				TargetAttributes = {
					3CE5989A28748092004AFD05 = {
						CreatedOnToolsVersion = 13.4;
					};
					3CE598B028748093004AFD05 = {
						CreatedOnToolsVersion = 13.4;
						TestTargetID = 3CE5989A28748092004AFD05;
					};
					3CE598BA28748093004AFD05 = {
						CreatedOnToolsVersion = 13.4;
						TestTargetID = 3CE5989A28748092004AFD05;
					};
				};
			};
			buildConfigurationList = 3CE5989628748092004AFD05 /* Build configuration list for PBXProject "Nobar" */;
			compatibilityVersion = "Xcode 13.0";
			developmentRegion = en;
			hasScannedForEncodings = 0;
			knownRegions = (
				en,
				Base,
			);
			mainGroup = 3CE5989228748092004AFD05;
			productRefGroup = 3CE5989C28748092004AFD05 /* Products */;
			projectDirPath = "";
			projectRoot = "";
			targets = (
				3CE5989A28748092004AFD05 /* Nobar */,
				3CE598B028748093004AFD05 /* NobarTests */,
				3CE598BA28748093004AFD05 /* NobarUITests */,
			);
		};
/* End PBXProject section */

/* Begin PBXResourcesBuildPhase section */
		3CE5989928748092004AFD05 /* Resources */ = {
			isa = PBXResourcesBuildPhase;
			buildActionMask = 2147483647;
			files = (
				3CE598AB28748093004AFD05 /* LaunchScreen.storyboard in Resources */,
				3CE598A828748093004AFD05 /* Assets.xcassets in Resources */,
				3CE598A628748092004AFD05 /* Main.storyboard in Resources */,
			);
			runOnlyForDeploymentPostprocessing = 0;
		};
		3CE598AF28748093004AFD05 /* Resources */ = {
			isa = PBXResourcesBuildPhase;
			buildActionMask = 2147483647;
			files = (
			);
			runOnlyForDeploymentPostprocessing = 0;
		};
		3CE598B928748093004AFD05 /* Resources */ = {
			isa = PBXResourcesBuildPhase;
			buildActionMask = 2147483647;
			files = (
			);
			runOnlyForDeploymentPostprocessing = 0;
		};
/* End PBXResourcesBuildPhase section */

/* Begin PBXSourcesBuildPhase section */
		3CE5989728748092004AFD05 /* Sources */ = {
			isa = PBXSourcesBuildPhase;
			buildActionMask = 2147483647;
			files = (
				3CE598A328748092004AFD05 /* ViewController.swift in Sources */,
				3CDE20112875F23E00680B8C /* Identifiable.swift in Sources */,
				3C823002287518C20031C1DA /* Environment.swift in Sources */,
				3CE5989F28748092004AFD05 /* AppDelegate.swift in Sources */,
				3C82300C28751AF90031C1DA /* UIViewController+Extensions.swift in Sources */,
				3CE598A128748092004AFD05 /* SceneDelegate.swift in Sources */,
			);
			runOnlyForDeploymentPostprocessing = 0;
		};
		3CE598AD28748093004AFD05 /* Sources */ = {
			isa = PBXSourcesBuildPhase;
			buildActionMask = 2147483647;
			files = (
				3CE598B628748093004AFD05 /* NobarTests.swift in Sources */,
			);
			runOnlyForDeploymentPostprocessing = 0;
		};
		3CE598B728748093004AFD05 /* Sources */ = {
			isa = PBXSourcesBuildPhase;
			buildActionMask = 2147483647;
			files = (
				3CE598C028748093004AFD05 /* NobarUITests.swift in Sources */,
				3CE598C228748093004AFD05 /* NobarUITestsLaunchTests.swift in Sources */,
			);
			runOnlyForDeploymentPostprocessing = 0;
		};
/* End PBXSourcesBuildPhase section */

/* Begin PBXTargetDependency section */
		3CE598B328748093004AFD05 /* PBXTargetDependency */ = {
			isa = PBXTargetDependency;
			target = 3CE5989A28748092004AFD05 /* Nobar */;
			targetProxy = 3CE598B228748093004AFD05 /* PBXContainerItemProxy */;
		};
		3CE598BD28748093004AFD05 /* PBXTargetDependency */ = {
			isa = PBXTargetDependency;
			target = 3CE5989A28748092004AFD05 /* Nobar */;
			targetProxy = 3CE598BC28748093004AFD05 /* PBXContainerItemProxy */;
		};
/* End PBXTargetDependency section */

/* Begin PBXVariantGroup section */
		3CE598A428748092004AFD05 /* Main.storyboard */ = {
			isa = PBXVariantGroup;
			children = (
				3CE598A528748092004AFD05 /* Base */,
			);
			name = Main.storyboard;
			sourceTree = "<group>";
		};
		3CE598A928748093004AFD05 /* LaunchScreen.storyboard */ = {
			isa = PBXVariantGroup;
			children = (
				3CE598AA28748093004AFD05 /* Base */,
			);
			name = LaunchScreen.storyboard;
			sourceTree = "<group>";
		};
/* End PBXVariantGroup section */

/* Begin XCBuildConfiguration section */
		3CE598C328748093004AFD05 /* Debug */ = {
			isa = XCBuildConfiguration;
			buildSettings = {
				ALWAYS_SEARCH_USER_PATHS = NO;
				CLANG_ANALYZER_NONNULL = YES;
				CLANG_ANALYZER_NUMBER_OBJECT_CONVERSION = YES_AGGRESSIVE;
				CLANG_CXX_LANGUAGE_STANDARD = "gnu++17";
				CLANG_ENABLE_MODULES = YES;
				CLANG_ENABLE_OBJC_ARC = YES;
				CLANG_ENABLE_OBJC_WEAK = YES;
				CLANG_WARN_BLOCK_CAPTURE_AUTORELEASING = YES;
				CLANG_WARN_BOOL_CONVERSION = YES;
				CLANG_WARN_COMMA = YES;
				CLANG_WARN_CONSTANT_CONVERSION = YES;
				CLANG_WARN_DEPRECATED_OBJC_IMPLEMENTATIONS = YES;
				CLANG_WARN_DIRECT_OBJC_ISA_USAGE = YES_ERROR;
				CLANG_WARN_DOCUMENTATION_COMMENTS = YES;
				CLANG_WARN_EMPTY_BODY = YES;
				CLANG_WARN_ENUM_CONVERSION = YES;
				CLANG_WARN_INFINITE_RECURSION = YES;
				CLANG_WARN_INT_CONVERSION = YES;
				CLANG_WARN_NON_LITERAL_NULL_CONVERSION = YES;
				CLANG_WARN_OBJC_IMPLICIT_RETAIN_SELF = YES;
				CLANG_WARN_OBJC_LITERAL_CONVERSION = YES;
				CLANG_WARN_OBJC_ROOT_CLASS = YES_ERROR;
				CLANG_WARN_QUOTED_INCLUDE_IN_FRAMEWORK_HEADER = YES;
				CLANG_WARN_RANGE_LOOP_ANALYSIS = YES;
				CLANG_WARN_STRICT_PROTOTYPES = YES;
				CLANG_WARN_SUSPICIOUS_MOVE = YES;
				CLANG_WARN_UNGUARDED_AVAILABILITY = YES_AGGRESSIVE;
				CLANG_WARN_UNREACHABLE_CODE = YES;
				CLANG_WARN__DUPLICATE_METHOD_MATCH = YES;
				COPY_PHASE_STRIP = NO;
				DEBUG_INFORMATION_FORMAT = dwarf;
				ENABLE_STRICT_OBJC_MSGSEND = YES;
				ENABLE_TESTABILITY = YES;
				GCC_C_LANGUAGE_STANDARD = gnu11;
				GCC_DYNAMIC_NO_PIC = NO;
				GCC_NO_COMMON_BLOCKS = YES;
				GCC_OPTIMIZATION_LEVEL = 0;
				GCC_PREPROCESSOR_DEFINITIONS = (
					"DEBUG=1",
					"$(inherited)",
				);
				GCC_WARN_64_TO_32_BIT_CONVERSION = YES;
				GCC_WARN_ABOUT_RETURN_TYPE = YES_ERROR;
				GCC_WARN_UNDECLARED_SELECTOR = YES;
				GCC_WARN_UNINITIALIZED_AUTOS = YES_AGGRESSIVE;
				GCC_WARN_UNUSED_FUNCTION = YES;
				GCC_WARN_UNUSED_VARIABLE = YES;
				IPHONEOS_DEPLOYMENT_TARGET = 15.5;
				MTL_ENABLE_DEBUG_INFO = INCLUDE_SOURCE;
				MTL_FAST_MATH = YES;
				ONLY_ACTIVE_ARCH = YES;
				SDKROOT = iphoneos;
				SWIFT_ACTIVE_COMPILATION_CONDITIONS = DEBUG;
				SWIFT_OPTIMIZATION_LEVEL = "-Onone";
			};
			name = Debug;
		};
		3CE598C428748093004AFD05 /* Release */ = {
			isa = XCBuildConfiguration;
			buildSettings = {
				ALWAYS_SEARCH_USER_PATHS = NO;
				CLANG_ANALYZER_NONNULL = YES;
				CLANG_ANALYZER_NUMBER_OBJECT_CONVERSION = YES_AGGRESSIVE;
				CLANG_CXX_LANGUAGE_STANDARD = "gnu++17";
				CLANG_ENABLE_MODULES = YES;
				CLANG_ENABLE_OBJC_ARC = YES;
				CLANG_ENABLE_OBJC_WEAK = YES;
				CLANG_WARN_BLOCK_CAPTURE_AUTORELEASING = YES;
				CLANG_WARN_BOOL_CONVERSION = YES;
				CLANG_WARN_COMMA = YES;
				CLANG_WARN_CONSTANT_CONVERSION = YES;
				CLANG_WARN_DEPRECATED_OBJC_IMPLEMENTATIONS = YES;
				CLANG_WARN_DIRECT_OBJC_ISA_USAGE = YES_ERROR;
				CLANG_WARN_DOCUMENTATION_COMMENTS = YES;
				CLANG_WARN_EMPTY_BODY = YES;
				CLANG_WARN_ENUM_CONVERSION = YES;
				CLANG_WARN_INFINITE_RECURSION = YES;
				CLANG_WARN_INT_CONVERSION = YES;
				CLANG_WARN_NON_LITERAL_NULL_CONVERSION = YES;
				CLANG_WARN_OBJC_IMPLICIT_RETAIN_SELF = YES;
				CLANG_WARN_OBJC_LITERAL_CONVERSION = YES;
				CLANG_WARN_OBJC_ROOT_CLASS = YES_ERROR;
				CLANG_WARN_QUOTED_INCLUDE_IN_FRAMEWORK_HEADER = YES;
				CLANG_WARN_RANGE_LOOP_ANALYSIS = YES;
				CLANG_WARN_STRICT_PROTOTYPES = YES;
				CLANG_WARN_SUSPICIOUS_MOVE = YES;
				CLANG_WARN_UNGUARDED_AVAILABILITY = YES_AGGRESSIVE;
				CLANG_WARN_UNREACHABLE_CODE = YES;
				CLANG_WARN__DUPLICATE_METHOD_MATCH = YES;
				COPY_PHASE_STRIP = NO;
				DEBUG_INFORMATION_FORMAT = "dwarf-with-dsym";
				ENABLE_NS_ASSERTIONS = NO;
				ENABLE_STRICT_OBJC_MSGSEND = YES;
				GCC_C_LANGUAGE_STANDARD = gnu11;
				GCC_NO_COMMON_BLOCKS = YES;
				GCC_WARN_64_TO_32_BIT_CONVERSION = YES;
				GCC_WARN_ABOUT_RETURN_TYPE = YES_ERROR;
				GCC_WARN_UNDECLARED_SELECTOR = YES;
				GCC_WARN_UNINITIALIZED_AUTOS = YES_AGGRESSIVE;
				GCC_WARN_UNUSED_FUNCTION = YES;
				GCC_WARN_UNUSED_VARIABLE = YES;
				IPHONEOS_DEPLOYMENT_TARGET = 15.5;
				MTL_ENABLE_DEBUG_INFO = NO;
				MTL_FAST_MATH = YES;
				SDKROOT = iphoneos;
				SWIFT_COMPILATION_MODE = wholemodule;
				SWIFT_OPTIMIZATION_LEVEL = "-O";
				VALIDATE_PRODUCT = YES;
			};
			name = Release;
		};
		3CE598C628748093004AFD05 /* Debug */ = {
			isa = XCBuildConfiguration;
			buildSettings = {
				ASSETCATALOG_COMPILER_APPICON_NAME = AppIcon;
				ASSETCATALOG_COMPILER_GLOBAL_ACCENT_COLOR_NAME = AccentColor;
				CODE_SIGN_IDENTITY = "iPhone Distribution";
				CODE_SIGN_STYLE = Manual;
				CURRENT_PROJECT_VERSION = 1;
				DEVELOPMENT_TEAM = BWM6S332K8;
				GENERATE_INFOPLIST_FILE = YES;
				INFOPLIST_FILE = Nobar/Resources/plists/Info.plist;
				INFOPLIST_KEY_UIApplicationSupportsIndirectInputEvents = YES;
				INFOPLIST_KEY_UILaunchStoryboardName = LaunchScreen;
				INFOPLIST_KEY_UIMainStoryboardFile = Main;
				INFOPLIST_KEY_UISupportedInterfaceOrientations_iPad = "UIInterfaceOrientationPortrait UIInterfaceOrientationPortraitUpsideDown UIInterfaceOrientationLandscapeLeft UIInterfaceOrientationLandscapeRight";
				INFOPLIST_KEY_UISupportedInterfaceOrientations_iPhone = "UIInterfaceOrientationPortrait UIInterfaceOrientationLandscapeLeft UIInterfaceOrientationLandscapeRight";
				LD_RUNPATH_SEARCH_PATHS = (
					"$(inherited)",
					"@executable_path/Frameworks",
				);
				MARKETING_VERSION = 1.0;
				PRODUCT_BUNDLE_IDENTIFIER = "kr.teamnobar.nobar-ios-debug";
				PRODUCT_NAME = "$(TARGET_NAME)";
				PROVISIONING_PROFILE_SPECIFIER = "match AppStore kr.teamnobar.nobar-ios-debug";
				SWIFT_EMIT_LOC_STRINGS = YES;
				SWIFT_VERSION = 5.0;
				TARGETED_DEVICE_FAMILY = "1,2";
			};
			name = Debug;
		};
		3CE598C728748093004AFD05 /* Release */ = {
			isa = XCBuildConfiguration;
			buildSettings = {
				ASSETCATALOG_COMPILER_APPICON_NAME = AppIcon;
				ASSETCATALOG_COMPILER_GLOBAL_ACCENT_COLOR_NAME = AccentColor;
				CODE_SIGN_STYLE = Manual;
				CURRENT_PROJECT_VERSION = 1;
				DEVELOPMENT_TEAM = "";
				GENERATE_INFOPLIST_FILE = YES;
				INFOPLIST_FILE = Nobar/Resources/plists/Info.plist;
				INFOPLIST_KEY_UIApplicationSupportsIndirectInputEvents = YES;
				INFOPLIST_KEY_UILaunchStoryboardName = LaunchScreen;
				INFOPLIST_KEY_UIMainStoryboardFile = Main;
				INFOPLIST_KEY_UISupportedInterfaceOrientations_iPad = "UIInterfaceOrientationPortrait UIInterfaceOrientationPortraitUpsideDown UIInterfaceOrientationLandscapeLeft UIInterfaceOrientationLandscapeRight";
				INFOPLIST_KEY_UISupportedInterfaceOrientations_iPhone = "UIInterfaceOrientationPortrait UIInterfaceOrientationLandscapeLeft UIInterfaceOrientationLandscapeRight";
				LD_RUNPATH_SEARCH_PATHS = (
					"$(inherited)",
					"@executable_path/Frameworks",
				);
				MARKETING_VERSION = 1.0;
				PRODUCT_BUNDLE_IDENTIFIER = "kr.teamnobar.nobarios-release";
				PRODUCT_NAME = "$(TARGET_NAME)";
				PROVISIONING_PROFILE_SPECIFIER = "";
				SWIFT_EMIT_LOC_STRINGS = YES;
				SWIFT_VERSION = 5.0;
				TARGETED_DEVICE_FAMILY = "1,2";
			};
			name = Release;
		};
		3CE598C928748093004AFD05 /* Debug */ = {
			isa = XCBuildConfiguration;
			buildSettings = {
				ALWAYS_EMBED_SWIFT_STANDARD_LIBRARIES = YES;
				BUNDLE_LOADER = "$(TEST_HOST)";
				CODE_SIGN_STYLE = Automatic;
				CURRENT_PROJECT_VERSION = 1;
				DEVELOPMENT_TEAM = BWM6S332K8;
				GENERATE_INFOPLIST_FILE = YES;
				IPHONEOS_DEPLOYMENT_TARGET = 15.5;
				MARKETING_VERSION = 1.0;
				PRODUCT_BUNDLE_IDENTIFIER = kr.nobar.ios.NobarTests;
				PRODUCT_NAME = "$(TARGET_NAME)";
				SWIFT_EMIT_LOC_STRINGS = NO;
				SWIFT_VERSION = 5.0;
				TARGETED_DEVICE_FAMILY = "1,2";
				TEST_HOST = "$(BUILT_PRODUCTS_DIR)/Nobar.app/Nobar";
			};
			name = Debug;
		};
		3CE598CA28748093004AFD05 /* Release */ = {
			isa = XCBuildConfiguration;
			buildSettings = {
				ALWAYS_EMBED_SWIFT_STANDARD_LIBRARIES = YES;
				BUNDLE_LOADER = "$(TEST_HOST)";
				CODE_SIGN_STYLE = Automatic;
				CURRENT_PROJECT_VERSION = 1;
				DEVELOPMENT_TEAM = BWM6S332K8;
				GENERATE_INFOPLIST_FILE = YES;
				IPHONEOS_DEPLOYMENT_TARGET = 15.5;
				MARKETING_VERSION = 1.0;
				PRODUCT_BUNDLE_IDENTIFIER = kr.nobar.ios.NobarTests;
				PRODUCT_NAME = "$(TARGET_NAME)";
				SWIFT_EMIT_LOC_STRINGS = NO;
				SWIFT_VERSION = 5.0;
				TARGETED_DEVICE_FAMILY = "1,2";
				TEST_HOST = "$(BUILT_PRODUCTS_DIR)/Nobar.app/Nobar";
			};
			name = Release;
		};
		3CE598CC28748093004AFD05 /* Debug */ = {
			isa = XCBuildConfiguration;
			buildSettings = {
				ALWAYS_EMBED_SWIFT_STANDARD_LIBRARIES = YES;
				CODE_SIGN_STYLE = Automatic;
				CURRENT_PROJECT_VERSION = 1;
				DEVELOPMENT_TEAM = BWM6S332K8;
				GENERATE_INFOPLIST_FILE = YES;
				MARKETING_VERSION = 1.0;
				PRODUCT_BUNDLE_IDENTIFIER = kr.nobar.ios.NobarUITests;
				PRODUCT_NAME = "$(TARGET_NAME)";
				SWIFT_EMIT_LOC_STRINGS = NO;
				SWIFT_VERSION = 5.0;
				TARGETED_DEVICE_FAMILY = "1,2";
				TEST_TARGET_NAME = Nobar;
			};
			name = Debug;
		};
		3CE598CD28748093004AFD05 /* Release */ = {
			isa = XCBuildConfiguration;
			buildSettings = {
				ALWAYS_EMBED_SWIFT_STANDARD_LIBRARIES = YES;
				CODE_SIGN_STYLE = Automatic;
				CURRENT_PROJECT_VERSION = 1;
				DEVELOPMENT_TEAM = BWM6S332K8;
				GENERATE_INFOPLIST_FILE = YES;
				MARKETING_VERSION = 1.0;
				PRODUCT_BUNDLE_IDENTIFIER = kr.nobar.ios.NobarUITests;
				PRODUCT_NAME = "$(TARGET_NAME)";
				SWIFT_EMIT_LOC_STRINGS = NO;
				SWIFT_VERSION = 5.0;
				TARGETED_DEVICE_FAMILY = "1,2";
				TEST_TARGET_NAME = Nobar;
			};
			name = Release;
		};
/* End XCBuildConfiguration section */

/* Begin XCConfigurationList section */
		3CE5989628748092004AFD05 /* Build configuration list for PBXProject "Nobar" */ = {
			isa = XCConfigurationList;
			buildConfigurations = (
				3CE598C328748093004AFD05 /* Debug */,
				3CE598C428748093004AFD05 /* Release */,
			);
			defaultConfigurationIsVisible = 0;
			defaultConfigurationName = Release;
		};
		3CE598C528748093004AFD05 /* Build configuration list for PBXNativeTarget "Nobar" */ = {
			isa = XCConfigurationList;
			buildConfigurations = (
				3CE598C628748093004AFD05 /* Debug */,
				3CE598C728748093004AFD05 /* Release */,
			);
			defaultConfigurationIsVisible = 0;
			defaultConfigurationName = Release;
		};
		3CE598C828748093004AFD05 /* Build configuration list for PBXNativeTarget "NobarTests" */ = {
			isa = XCConfigurationList;
			buildConfigurations = (
				3CE598C928748093004AFD05 /* Debug */,
				3CE598CA28748093004AFD05 /* Release */,
			);
			defaultConfigurationIsVisible = 0;
			defaultConfigurationName = Release;
		};
		3CE598CB28748093004AFD05 /* Build configuration list for PBXNativeTarget "NobarUITests" */ = {
			isa = XCConfigurationList;
			buildConfigurations = (
				3CE598CC28748093004AFD05 /* Debug */,
				3CE598CD28748093004AFD05 /* Release */,
			);
			defaultConfigurationIsVisible = 0;
			defaultConfigurationName = Release;
		};
/* End XCConfigurationList section */
	};
	rootObject = 3CE5989328748092004AFD05 /* Project object */;
}
